{"SurveyEntry":{"SurveyID":"SV_eXNLegFajnx3ksS","SurveyName":"CJ_class","SurveyDescription":null,"SurveyOwnerID":"UR_5nVe1nVZfLGovbf","SurveyBrandID":"ceuhungary","DivisionID":"DV_51QrZjZ5FhZRlyZ","SurveyLanguage":"EN","SurveyActiveResponseSet":"RS_56aw11tlsvwCAlg","SurveyStatus":"Active","SurveyStartDate":"0000-00-00 00:00:00","SurveyExpirationDate":"0000-00-00 00:00:00","SurveyCreationDate":"2022-05-16 03:05:33","CreatorID":"UR_5nVe1nVZfLGovbf","LastModified":"2022-05-16 03:34:32","LastAccessed":"0000-00-00 00:00:00","LastActivated":"2022-05-16 03:10:57","Deleted":null},"SurveyElements":[{"SurveyID":"SV_eXNLegFajnx3ksS","Element":"BL","PrimaryAttribute":"Survey Blocks","SecondaryAttribute":null,"TertiaryAttribute":null,"Payload":[{"Type":"Default","Description":"Default Question Block","ID":"BL_207ydsQqmCE4pdX","BlockElements":[{"Type":"Question","QuestionID":"QID1","SkipLogic":[{"SkipLogicID":2,"ChoiceLocator":"q:\/\/QID1\/SelectableChoice\/2","Condition":"Selected","SkipToDestination":"ENDOFSURVEY","Locator":"q:\/\/QID1\/SelectableChoice\/2","SkipToDescription":"<table border=\"0\" cellpaddi... <strong>Disagree<\/strong>  <strong>Is Selected<\/strong>","Description":"Condition: <strong title=\"Disagree\">Disagree<\/strong> <strong>Is Selected<\/strong>. Skip To: <strong>End of Survey<\/strong>.","QuestionID":"QID1"}]}],"Options":{"BlockLocking":"false","RandomizeQuestions":"false","BlockVisibility":"Expanded"}},{"Type":"Trash","Description":"Trash \/ Unused Questions","ID":"BL_6WjRkq8LkXGEA3r","BlockElements":[]},{"Type":"Standard","SubType":"","Description":"cj_exp","ID":"BL_extsJmhNvnue4ND","BlockElements":[{"Type":"Question","QuestionID":"QID2"},{"Type":"Page Break"},{"Type":"Question","QuestionID":"QID3"},{"Type":"Question","QuestionID":"QID40"},{"Type":"Page Break"},{"Type":"Question","QuestionID":"QID7"},{"Type":"Question","QuestionID":"QID24"},{"Type":"Page Break"},{"Type":"Question","QuestionID":"QID9"},{"Type":"Question","QuestionID":"QID25"},{"Type":"Page Break"},{"Type":"Question","QuestionID":"QID10"},{"Type":"Question","QuestionID":"QID27"},{"Type":"Page Break"},{"Type":"Question","QuestionID":"QID11"},{"Type":"Question","QuestionID":"QID28"}]},{"Type":"Standard","SubType":"","Description":"moderators","ID":"BL_aVKEPOWTwqY4knz","BlockElements":[{"Type":"Question","QuestionID":"QID4"},{"Type":"Question","QuestionID":"QID6"}]},{"Type":"Standard","SubType":"","Description":"Practice questions","ID":"BL_3aO5ZnwIXRKODcO","BlockElements":[{"Type":"Question","QuestionID":"QID15","SkipLogic":[{"SkipLogicID":2,"ChoiceLocator":"q:\/\/QID15\/SelectableChoice\/1","Condition":"Selected","SkipToDestination":"ENDOFSURVEY","Locator":"q:\/\/QID15\/SelectableChoice\/1","SkipToDescription":"How old are you? <strong>Under 18<\/strong>  <strong>Is Selected<\/strong>","Description":"Condition: <strong title=\"Under 18\">Under 18<\/strong> <strong>Is Selected<\/strong>. Skip To: <strong>End of Survey<\/strong>.","QuestionID":"QID15"}]},{"Type":"Question","QuestionID":"QID12"},{"Type":"Question","QuestionID":"QID14"}]},{"Type":"Standard","SubType":"","Description":"attention_check_1","ID":"BL_4Hf5tVKjbSe4tmu","BlockElements":[{"Type":"Question","QuestionID":"QID16"}]},{"Type":"Standard","SubType":"","Description":"feedback","ID":"BL_doOdW4oUVor6Q2q","Options":{"BlockLocking":"false","RandomizeQuestions":"false","BlockVisibility":"Expanded"},"BlockElements":[{"Type":"Question","QuestionID":"QID17"}]},{"Type":"Standard","SubType":"","Description":"bot_check_1","ID":"BL_9WziAjIiTDNTq6i","BlockElements":[{"Type":"Question","QuestionID":"QID18"}]},{"Type":"Standard","SubType":"","Description":"context_exp_trt","ID":"BL_b9NLftFoXASqUTA","BlockElements":[{"Type":"Question","QuestionID":"QID19"}]},{"Type":"Standard","SubType":"","Description":"context_exp_cnt","ID":"BL_9vnZXN7j9m8nswK","BlockElements":[{"Type":"Question","QuestionID":"QID20"}]},{"Type":"Standard","SubType":"Reference","Description":null,"ID":"BL_0IEy7EBdlgV9L9Q","LibraryID":"UR_5nVe1nVZfLGovbf","ReferencedBlockID":"LB_8e7gyAveCHokeQB","Options":{"BlockLocking":false,"RandomizeQuestions":"false","BlockVisibility":"Collapsed"}},{"Type":"Standard","SubType":"","Description":"other_q","ID":"BL_bdswONVRi26z7oO","BlockElements":[{"Type":"Question","QuestionID":"QID30"},{"Type":"Question","QuestionID":"QID31"},{"Type":"Question","QuestionID":"QID37"}]}]},{"SurveyID":"SV_eXNLegFajnx3ksS","Element":"FL","PrimaryAttribute":"Survey Flow","SecondaryAttribute":null,"TertiaryAttribute":null,"Payload":{"Type":"Root","FlowID":"FL_1","Flow":[{"Type":"Block","ID":"BL_207ydsQqmCE4pdX","FlowID":"FL_2","Autofill":[]},{"Type":"Standard","ID":"BL_3aO5ZnwIXRKODcO","FlowID":"FL_3","Autofill":[]},{"Type":"EmbeddedData","FlowID":"FL_4","EmbeddedData":[{"Description":"F-1-1","Type":"Recipient","Field":"F-1-1","VariableType":"String","DataVisibility":[],"AnalyzeText":false},{"Description":"F-1-2","Type":"Recipient","Field":"F-1-2","VariableType":"String","DataVisibility":[],"AnalyzeText":false},{"Description":"F-1-3","Type":"Recipient","Field":"F-1-3","VariableType":"String","DataVisibility":[],"AnalyzeText":false},{"Description":"F-1-4","Type":"Recipient","Field":"F-1-4","VariableType":"String","DataVisibility":[],"AnalyzeText":false},{"Description":"F-1-1-1","Type":"Recipient","Field":"F-1-1-1","VariableType":"String","DataVisibility":[],"AnalyzeText":false},{"Description":"F-1-1-2","Type":"Recipient","Field":"F-1-1-2","VariableType":"String","DataVisibility":[],"AnalyzeText":false},{"Description":"F-1-1-3","Type":"Recipient","Field":"F-1-1-3","VariableType":"String","DataVisibility":[],"AnalyzeText":false},{"Description":"F-1-1-4","Type":"Recipient","Field":"F-1-1-4","VariableType":"String","DataVisibility":[],"AnalyzeText":false},{"Description":"F-1-2-1","Type":"Recipient","Field":"F-1-2-1","VariableType":"String","DataVisibility":[],"AnalyzeText":false},{"Description":"F-1-2-2","Type":"Recipient","Field":"F-1-2-2","VariableType":"String","DataVisibility":[],"AnalyzeText":false},{"Description":"F-1-2-3","Type":"Recipient","Field":"F-1-2-3","VariableType":"String","DataVisibility":[],"AnalyzeText":false},{"Description":"F-1-2-4","Type":"Recipient","Field":"F-1-2-4","VariableType":"String","DataVisibility":[],"AnalyzeText":false},{"Description":"F-2-1","Type":"Recipient","Field":"F-2-1","VariableType":"String","DataVisibility":[],"AnalyzeText":false},{"Description":"F-2-2","Type":"Recipient","Field":"F-2-2","VariableType":"String","DataVisibility":[],"AnalyzeText":false},{"Description":"F-2-3","Type":"Recipient","Field":"F-2-3","VariableType":"String","DataVisibility":[],"AnalyzeText":false},{"Description":"F-2-4","Type":"Recipient","Field":"F-2-4","VariableType":"String","DataVisibility":[],"AnalyzeText":false},{"Description":"F-2-1-1","Type":"Recipient","Field":"F-2-1-1","VariableType":"String","DataVisibility":[],"AnalyzeText":false},{"Description":"F-2-1-2","Type":"Recipient","Field":"F-2-1-2","VariableType":"String","DataVisibility":[],"AnalyzeText":false},{"Description":"F-2-1-3","Type":"Recipient","Field":"F-2-1-3","VariableType":"String","DataVisibility":[],"AnalyzeText":false},{"Description":"F-2-1-4","Type":"Recipient","Field":"F-2-1-4","VariableType":"String","DataVisibility":[],"AnalyzeText":false},{"Description":"F-2-2-1","Type":"Recipient","Field":"F-2-2-1","VariableType":"String","DataVisibility":[],"AnalyzeText":false},{"Description":"F-2-2-2","Type":"Recipient","Field":"F-2-2-2","VariableType":"String","DataVisibility":[],"AnalyzeText":false},{"Description":"F-2-2-3","Type":"Recipient","Field":"F-2-2-3","VariableType":"String","DataVisibility":[],"AnalyzeText":false},{"Description":"F-2-2-4","Type":"Recipient","Field":"F-2-2-4","VariableType":"String","DataVisibility":[],"AnalyzeText":false},{"Description":"F-3-1","Type":"Recipient","Field":"F-3-1","VariableType":"String","DataVisibility":[],"AnalyzeText":false},{"Description":"F-3-2","Type":"Recipient","Field":"F-3-2","VariableType":"String","DataVisibility":[],"AnalyzeText":false},{"Description":"F-3-3","Type":"Recipient","Field":"F-3-3","VariableType":"String","DataVisibility":[],"AnalyzeText":false},{"Description":"F-3-4","Type":"Recipient","Field":"F-3-4","VariableType":"String","DataVisibility":[],"AnalyzeText":false},{"Description":"F-3-1-1","Type":"Recipient","Field":"F-3-1-1","VariableType":"String","DataVisibility":[],"AnalyzeText":false},{"Description":"F-3-1-2","Type":"Recipient","Field":"F-3-1-2","VariableType":"String","DataVisibility":[],"AnalyzeText":false},{"Description":"F-3-1-3","Type":"Recipient","Field":"F-3-1-3","VariableType":"String","DataVisibility":[],"AnalyzeText":false},{"Description":"F-3-1-4","Type":"Recipient","Field":"F-3-1-4","VariableType":"String","DataVisibility":[],"AnalyzeText":false},{"Description":"F-3-2-1","Type":"Recipient","Field":"F-3-2-1","VariableType":"String","DataVisibility":[],"AnalyzeText":false},{"Description":"F-3-2-2","Type":"Recipient","Field":"F-3-2-2","VariableType":"String","DataVisibility":[],"AnalyzeText":false},{"Description":"F-3-2-3","Type":"Recipient","Field":"F-3-2-3","VariableType":"String","DataVisibility":[],"AnalyzeText":false},{"Description":"F-3-2-4","Type":"Recipient","Field":"F-3-2-4","VariableType":"String","DataVisibility":[],"AnalyzeText":false},{"Description":"F-4-1","Type":"Recipient","Field":"F-4-1","VariableType":"String","DataVisibility":[],"AnalyzeText":false},{"Description":"F-4-2","Type":"Recipient","Field":"F-4-2","VariableType":"String","DataVisibility":[],"AnalyzeText":false},{"Description":"F-4-3","Type":"Recipient","Field":"F-4-3","VariableType":"String","DataVisibility":[],"AnalyzeText":false},{"Description":"F-4-4","Type":"Recipient","Field":"F-4-4","VariableType":"String","DataVisibility":[],"AnalyzeText":false},{"Description":"F-4-1-1","Type":"Recipient","Field":"F-4-1-1","VariableType":"String","DataVisibility":[],"AnalyzeText":false},{"Description":"F-4-1-2","Type":"Recipient","Field":"F-4-1-2","VariableType":"String","DataVisibility":[],"AnalyzeText":false},{"Description":"F-4-1-3","Type":"Recipient","Field":"F-4-1-3","VariableType":"String","DataVisibility":[],"AnalyzeText":false},{"Description":"F-4-1-4","Type":"Recipient","Field":"F-4-1-4","VariableType":"String","DataVisibility":[],"AnalyzeText":false},{"Description":"F-4-2-1","Type":"Recipient","Field":"F-4-2-1","VariableType":"String","DataVisibility":[],"AnalyzeText":false},{"Description":"F-4-2-2","Type":"Recipient","Field":"F-4-2-2","VariableType":"String","DataVisibility":[],"AnalyzeText":false},{"Description":"F-4-2-3","Type":"Recipient","Field":"F-4-2-3","VariableType":"String","DataVisibility":[],"AnalyzeText":false},{"Description":"F-4-2-4","Type":"Recipient","Field":"F-4-2-4","VariableType":"String","DataVisibility":[],"AnalyzeText":false},{"Description":"F-5-1","Type":"Recipient","Field":"F-5-1","VariableType":"String","DataVisibility":[],"AnalyzeText":false},{"Description":"F-5-2","Type":"Recipient","Field":"F-5-2","VariableType":"String","DataVisibility":[],"AnalyzeText":false},{"Description":"F-5-3","Type":"Recipient","Field":"F-5-3","VariableType":"String","DataVisibility":[],"AnalyzeText":false},{"Description":"F-5-4","Type":"Recipient","Field":"F-5-4","VariableType":"String","DataVisibility":[],"AnalyzeText":false},{"Description":"F-5-1-1","Type":"Recipient","Field":"F-5-1-1","VariableType":"String","DataVisibility":[],"AnalyzeText":false},{"Description":"F-5-1-2","Type":"Recipient","Field":"F-5-1-2","VariableType":"String","DataVisibility":[],"AnalyzeText":false},{"Description":"F-5-1-3","Type":"Recipient","Field":"F-5-1-3","VariableType":"String","DataVisibility":[],"AnalyzeText":false},{"Description":"F-5-1-4","Type":"Recipient","Field":"F-5-1-4","VariableType":"String","DataVisibility":[],"AnalyzeText":false},{"Description":"F-5-2-1","Type":"Recipient","Field":"F-5-2-1","VariableType":"String","DataVisibility":[],"AnalyzeText":false},{"Description":"F-5-2-2","Type":"Recipient","Field":"F-5-2-2","VariableType":"String","DataVisibility":[],"AnalyzeText":false},{"Description":"F-5-2-3","Type":"Recipient","Field":"F-5-2-3","VariableType":"String","DataVisibility":[],"AnalyzeText":false},{"Description":"F-5-2-4","Type":"Recipient","Field":"F-5-2-4","VariableType":"String","DataVisibility":[],"AnalyzeText":false}]},{"Type":"Standard","ID":"BL_4Hf5tVKjbSe4tmu","FlowID":"FL_5","Autofill":[]},{"Type":"Standard","ID":"BL_aVKEPOWTwqY4knz","FlowID":"FL_6","Autofill":[]},{"Type":"Standard","ID":"BL_0IEy7EBdlgV9L9Q","FlowID":"FL_7","Autofill":[]},{"Type":"BlockRandomizer","FlowID":"FL_8","SubSet":1,"EvenPresentation":true,"Flow":[{"Type":"Standard","ID":"BL_b9NLftFoXASqUTA","FlowID":"FL_14","Autofill":[]},{"Type":"Standard","ID":"BL_9vnZXN7j9m8nswK","FlowID":"FL_15","Autofill":[]}]},{"Type":"Standard","ID":"BL_extsJmhNvnue4ND","FlowID":"FL_9","Autofill":[]},{"Type":"Standard","ID":"BL_9WziAjIiTDNTq6i","FlowID":"FL_10","Autofill":[]},{"ID":"BL_bdswONVRi26z7oO","Type":"Standard","FlowID":"FL_11"},{"Type":"Standard","ID":"BL_doOdW4oUVor6Q2q","FlowID":"FL_12","Autofill":[]}],"Properties":{"Count":15,"RemovedFieldsets":[]}}},{"SurveyID":"SV_eXNLegFajnx3ksS","Element":"SO","PrimaryAttribute":"Survey Options","SecondaryAttribute":null,"TertiaryAttribute":null,"Payload":{"BackButton":"false","SaveAndContinue":"true","SurveyProtection":"PublicSurvey","BallotBoxStuffingPrevention":"false","NoIndex":"Yes","SecureResponseFiles":"true","SurveyExpiration":null,"SurveyTermination":"DefaultMessage","Header":"","Footer":"","ProgressBarDisplay":"None","PartialData":"+1 week","ValidationMessage":null,"PreviousButton":" \u2190 ","NextButton":" \u2192 ","SurveyTitle":"Online Survey Software | Qualtrics Survey Solutions","SkinLibrary":"Qualtrics","SkinType":"MQ","Skin":"v4qualtrics1","NewScoring":1,"EOSMessage":"MS_1GF5b0DujdoCQKx","ShowExportTags":"false","CollectGeoLocation":"false","SurveyMetaDescription":"Qualtrics sophisticated online survey software solutions make creating online surveys easy. Learn more about Research Suite and get a free account today.","PasswordProtection":"No","AnonymizeResponse":"No","Password":"","RefererCheck":"No","RefererURL":"http:\/\/","UseCustomSurveyLinkCompletedMessage":null,"SurveyLinkCompletedMessage":"","SurveyLinkCompletedMessageLibrary":"","ResponseSummary":"No","EOSMessageLibrary":"UR_5nVe1nVZfLGovbf","EOSRedirectURL":"https:\/\/","EmailThankYou":"false","ThankYouEmailMessageLibrary":null,"ThankYouEmailMessage":null,"ValidateMessage":"false","ValidationMessageLibrary":null,"InactiveSurvey":"DefaultMessage","PartialDataCloseAfter":"LastActivity","ActiveResponseSet":null,"InactiveMessageLibrary":"","InactiveMessage":"","AvailableLanguages":{"EN":[]},"RecaptchaV3":"false","ConfirmStart":false,"AutoConfirmStart":false,"RelevantID":"false","RelevantIDLockoutPeriod":"+30 days","PartialDeletion":null,"ProtectSelectionIds":true}},{"SurveyID":"SV_eXNLegFajnx3ksS","Element":"SCO","PrimaryAttribute":"Scoring","SecondaryAttribute":null,"TertiaryAttribute":null,"Payload":{"ScoringCategories":[],"ScoringCategoryGroups":[],"ScoringSummaryCategory":null,"ScoringSummaryAfterQuestions":0,"ScoringSummaryAfterSurvey":0,"DefaultScoringCategory":null,"AutoScoringCategory":null}},{"SurveyID":"SV_eXNLegFajnx3ksS","Element":"PROJ","PrimaryAttribute":"CORE","SecondaryAttribute":null,"TertiaryAttribute":"1.1.0","Payload":{"ProjectCategory":"CORE","SchemaVersion":"1.1.0"}},{"SurveyID":"SV_eXNLegFajnx3ksS","Element":"STAT","PrimaryAttribute":"Survey Statistics","SecondaryAttribute":null,"TertiaryAttribute":null,"Payload":{"MobileCompatible":true,"ID":"Survey Statistics"}},{"SurveyID":"SV_eXNLegFajnx3ksS","Element":"QC","PrimaryAttribute":"Survey Question Count","SecondaryAttribute":"40","TertiaryAttribute":null,"Payload":null},{"SurveyID":"SV_eXNLegFajnx3ksS","Element":"SQ","PrimaryAttribute":"QID12","SecondaryAttribute":"Are you of Spanish, Hispanic, or Latino origin?","TertiaryAttribute":null,"Payload":{"ChoiceOrder":[1,2,3],"Choices":{"1":{"Display":"Yes"},"2":{"Display":"No"},"3":{"Display":"Prefer not to say"}},"Configuration":{"QuestionDescriptionOption":"UseText"},"DataVisibility":{"Hidden":false,"Private":false},"Language":{"DE":{"QuestionText":"Sind Sie spanischer, hispanoamerikanischer oder lateinamerikanischer Herkunft?","Choices":{"1":{"Display":"Ja"},"2":{"Display":"Nein"}}},"EN-GB":{"QuestionText":"Are you of Spanish, Hispanic or Latino origin?","Choices":{"1":{"Display":"Yes"},"2":{"Display":"No"}}},"ES":{"QuestionText":"\u00bfEs usted de origen espa\u00f1ol, hispano o latino?","Choices":{"1":{"Display":"S\u00ed"},"2":{"Display":"No"}}},"ES-ES":{"QuestionText":"\u00bfEs espa\u00f1ol, hispano o de origen latino?","Choices":{"1":{"Display":"S\u00ed"},"2":{"Display":"No"}}},"FR":{"QuestionText":"\u00cates-vous d'origine espagnole, hispanique ou latino\u00a0?","Choices":{"1":{"Display":"Oui"},"2":{"Display":"Non"}}},"IT":{"QuestionText":"Sei di origine spagnola, ispanica o sudamericana?","Choices":{"1":{"Display":"S\u00ec"},"2":{"Display":"No"}}},"JA":{"QuestionText":"\u30b9\u30da\u30a4\u30f3\u7cfb\u3001\u30d2\u30b9\u30d1\u30cb\u30c3\u30af\u7cfb\u3001\u30e9\u30c6\u30f3\u7cfb\u306b\u8a72\u5f53\u3057\u307e\u3059\u304b\u3002","Choices":{"1":{"Display":"\u306f\u3044"},"2":{"Display":"\u3044\u3044\u3048"}}},"KO":{"QuestionText":"\uadc0\ud558\ub294 \uc2a4\ud398\uc778\uacc4, \ud788\uc2a4\ud328\ub2c9 \ub610\ub294 \ub77c\ud2f4\uacc4 \ucd9c\uc2e0\uc785\ub2c8\uae4c?","Choices":{"1":{"Display":"\uc608"},"2":{"Display":"\uc544\ub2c8\uc694"}}},"NL":{"QuestionText":"Bent u van Spaanse afkomst, hispanic of latino?","Choices":{"1":{"Display":"Ja"},"2":{"Display":"Nee"}}},"PT-BR":{"QuestionText":"Voc\u00ea tem origem espanhola, hisp\u00e2nica ou latina?","Choices":{"1":{"Display":"Sim"},"2":{"Display":"N\u00e3o"}}},"ZH-S":{"QuestionText":"\u60a8\u662f\u5426\u4e3a\u897f\u73ed\u7259\u4eba\u3001\u8bb2\u897f\u73ed\u7259\u8bed\u7684\u62c9\u7f8e\u88d4\u6216\u62c9\u7f8e\u88d4\u8840\u7edf\uff1f","Choices":{"1":{"Display":"\u662f"},"2":{"Display":"\u5426"}}},"ZH-T":{"QuestionText":"\u60a8\u662f\u897f\u73ed\u7259\u88d4\u3001\u897f\u8a9e\u88d4\u6216\u62c9\u7f8e\u88d4\uff1f","Choices":{"1":{"Display":"\u662f"},"2":{"Display":"\u5426"}}}},"NextAnswerId":1,"NextChoiceId":4,"QuestionDescription":"Are you of Spanish, Hispanic, or Latino origin?","QuestionText":"Are you of Spanish, Hispanic, or Latino origin?","QuestionText_Unsafe":"Are you of Spanish, Hispanic, or Latino origin?","QuestionType":"MC","Selector":"SAVR","SubSelector":"TX","Validation":{"Settings":{"ForceResponse":"OFF","Type":"None"}},"DataExportTag":"q2 ","QuestionID":"QID12"}},{"SurveyID":"SV_eXNLegFajnx3ksS","Element":"SQ","PrimaryAttribute":"QID1","SecondaryAttribute":"\u00a0 Informed Consent Title: Candidate Preferences Principal Investigator: Martin Lukac Co-Investiga..","TertiaryAttribute":null,"Payload":{"QuestionText":"<table border=\"0\" cellpadding=\"1\" cellspacing=\"1\" style=\"width:500px;\">\n\t<tbody>\n\t\t<tr>\n\t\t\t<td>\n\t\t\t<p>&nbsp;<\/p>\n\n\t\t\t<p style=\"text-align: left;\"><br \/>\n\t\t\t<strong>Informed Consent<\/strong><\/p>\n\n\t\t\t<p style=\"text-align: left;\">Title: Candidate Preferences<\/p>\n\n\t\t\t<p style=\"text-align: left;\">Principal Investigator: Martin Lukac<\/p>\n\n\t\t\t<p style=\"text-align: left;\">Co-Investigator:&nbsp;Alberto Stefanelli<\/p>\n\n\t\t\t<p><br \/>\n\t\t\t&nbsp;<\/p>\n\t\t\t<\/td>\n\t\t\t<td><img height=\"200\" src=\"https:\/\/qualtrics.ceu.edu\/CP\/Graphic.php?IM=IM_cHNCxF03o0QhR0q\" style=\"width: 200px; height: 200px; float: right;\" width=\"200\" \/><\/td>\n\t\t<\/tr>\n\t<\/tbody>\n<\/table>\n\n<p><br \/>\n<strong>Description of the study<\/strong><br \/>\n<br \/>\nThis study is organized by the Faculty of Social Sciences of KU Leuven. The anonimous answers collected in this survey will be used by the investigators of this stuy to understand&nbsp;preference towards political candidates. The results of this study will be published on adacemic and non-academic magazines. Futher informaiton on this study and related&nbsp;resarch activities can be found at this <a href=\"https:\/\/soc.kuleuven.be\/ceso\/ispo\">link<\/a><br \/>\n&nbsp;<\/p>\n\n<p><strong>Procedures<\/strong><\/p>\n\n<p>You are being asked to take part in a research study. If you decide to take part, you will complete an online survey that will take 15-20 minutes of your time. You may take the survey wherever is convenient for you.&nbsp;There are no known risks or discomforts associated with this survey.<br \/>\n&nbsp;<\/p>\n\n<p><strong>Compensation<\/strong><\/p>\n\n<p>You will receive compensation as you have previously agreed with your supplier panel<br \/>\n&nbsp;<\/p>\n\n<p><strong>Voluntary Participation and withdrawal<\/strong><\/p>\n\n<p>You do not have to be in this study. If you decide to be in the study and change your mind, you have the right to drop out at any time.<br \/>\n&nbsp;<\/p>\n\n<p><strong>Contact Information<\/strong><\/p>\n\n<p>Contact<a href=\"mailto:alberto.stefanelli@kuleuven.be?subject=Survey%20-%20Candidate%20Preferences\"> Alberto Stefanelli<\/a> if you have questions or concerns.<br \/>\n&nbsp;<\/p>\n\n<p><strong>Consent<\/strong><\/p>\n\n<p>If you are willing to volunteer for this research, please continue further and click on the Agree button and start the survey.<\/p>\n\n<p>&nbsp;<\/p>\n\n<p>&nbsp;<\/p>\n\n<p>&nbsp;<\/p>","DataExportTag":"Consent","QuestionType":"MC","Selector":"SAHR","SubSelector":"TX","Configuration":{"QuestionDescriptionOption":"UseText","LabelPosition":"BELOW"},"QuestionDescription":"\u00a0 Informed Consent Title: Candidate Preferences Principal Investigator: Martin Lukac Co-Investiga...","Choices":{"1":{"Display":"Agree"},"2":{"Display":"Disagree"}},"ChoiceOrder":[1,2],"Validation":{"Settings":{"ForceResponse":"ON","ForceResponseType":"ON","Type":"None"}},"Language":[],"NextChoiceId":3,"NextAnswerId":1,"QuestionID":"QID1","DefaultChoices":false,"GradingData":[],"DataVisibility":{"Private":false,"Hidden":false}}},{"SurveyID":"SV_eXNLegFajnx3ksS","Element":"RS","PrimaryAttribute":"RS_56aw11tlsvwCAlg","SecondaryAttribute":"Default Response Set","TertiaryAttribute":null,"Payload":null},{"SurveyID":"SV_eXNLegFajnx3ksS","Element":"SQ","PrimaryAttribute":"QID37","SecondaryAttribute":"Here is a 7-point scale on which the political views that people might hold are arranged from ext...","TertiaryAttribute":null,"Payload":{"QuestionText":"Here is a 7-point scale on which the political views that people might hold are arranged from extremely liberal (left) to &nbsp;extremely conservative (right). Where would you place yourself on this scale?","DefaultChoices":false,"QuestionType":"Slider","Selector":"HSLIDER","Configuration":{"QuestionDescriptionOption":"UseText","CSSliderMin":1,"CSSliderMax":7,"GridLines":6,"SnapToGrid":true,"NumDecimals":0,"ShowValue":false,"CustomStart":true,"SliderStartPositions":{"1":0,"2":0,"3":0.984496124031009944843617631704546511173248291015625},"NotApplicable":false,"MobileFirst":true},"QuestionDescription":"Here is a 7-point scale on which the political views that people might hold are arranged from ext...","Choices":{"1":{"Display":"Political Ideology"}},"ChoiceOrder":[1],"Validation":{"Settings":{"ForceResponse":"OFF","ForceResponseType":"ON","Type":"None"}},"GradingData":[],"Language":[],"Labels":{"1":{"Display":"Extremely Left"},"2":{"Display":"Extremely Right"}},"Answers":{"1":{"Display":1},"2":{"Display":2},"3":{"Display":3},"4":{"Display":4},"5":{"Display":5},"6":{"Display":6},"7":{"Display":7}},"QuestionText_Unsafe":"Here is a 7-point scale on which the political views that people might hold are arranged from extremely liberal (left) to &nbsp;extremely conservative (right). Where would you place yourself on this scale?","DataExportTag":"lr","QuestionID":"QID37","DataVisibility":{"Private":false,"Hidden":false},"NextChoiceId":2,"NextAnswerId":8}},{"SurveyID":"SV_eXNLegFajnx3ksS","Element":"SQ","PrimaryAttribute":"QID14","SecondaryAttribute":"How do you describe yourself?","TertiaryAttribute":null,"Payload":{"ChoiceOrder":[1,2,3,4,5],"Choices":{"1":{"Display":"Male"},"2":{"Display":"Female"},"3":{"Display":"Non-binary \/ third gender"},"4":{"Display":"Prefer to self-describe","TextEntry":"true"},"5":{"Display":"Prefer not to say"}},"Configuration":{"QuestionDescriptionOption":"UseText"},"DataVisibility":{"Hidden":false,"Private":false},"GradingData":[],"Language":{"DE":{"QuestionText":"Wie beschreiben Sie sich selbst?","Choices":{"1":{"Display":"M\u00e4nnlich"},"2":{"Display":"Weiblich"},"3":{"Display":"Nichtbin\u00e4r\/drittes Geschlecht"},"4":{"Display":"Selbstbeschreibung bevorzugt"},"5":{"Display":"Keine Angabe"}}},"EN-GB":{"QuestionText":"How do you describe yourself?","Choices":{"1":{"Display":"Male"},"2":{"Display":"Female"},"3":{"Display":"Non-binary \/ third gender"},"4":{"Display":"Prefer to self-describe"},"5":{"Display":"Prefer not to say"}}},"ES":{"QuestionText":"\u00bfC\u00f3mo se describe a usted mismo?","Choices":{"1":{"Display":"Masculino"},"2":{"Display":"Femenino"},"3":{"Display":"No binario \/ tercer sexo"},"4":{"Display":"Preferencia de autodescripci\u00f3n"},"5":{"Display":"Preferencia de no especificar"}}},"ES-ES":{"QuestionText":"\u00bfC\u00f3mo se describe a s\u00ed mismo?","Choices":{"1":{"Display":"Masculino"},"2":{"Display":"Femenino"},"3":{"Display":"No binario \/ tercer g\u00e9nero"},"4":{"Display":"Prefiere autodescribirse"},"5":{"Display":"Prefiero no decirlo"}}},"FR":{"QuestionText":"Comment vous d\u00e9crivez-vous\u00a0?","Choices":{"1":{"Display":"Un homme"},"2":{"Display":"Une femme"},"3":{"Display":"Non-binaire\/transgenre"},"4":{"Display":"Pr\u00e9f\u00e8re se d\u00e9crire soi-m\u00eame"},"5":{"Display":"Ne souhaite pas r\u00e9pondre"}}},"IT":{"QuestionText":"Come descrivi te stesso\/a?","Choices":{"1":{"Display":"Maschio"},"2":{"Display":"Femmina"},"3":{"Display":"Genere non-binario\/Terzo genere"},"4":{"Display":"Preferisco descrivermi personalmente"},"5":{"Display":"Preferisco non dirlo"}}},"JA":{"QuestionText":"\u81ea\u8eab\u306e\u6027\u8a8d\u8b58","Choices":{"1":{"Display":"\u7537\u6027"},"2":{"Display":"\u5973\u6027"},"3":{"Display":"\u30ce\u30f3\u30d0\u30a4\u30ca\u30ea\u30fc\uff0f\u7b2c\u4e09\u306e\u6027\u5225"},"4":{"Display":"\u81ea\u5206\u3067\u8a18\u8ff0\u3059\u308b"},"5":{"Display":"\u56de\u7b54\u3057\u305f\u304f\u306a\u3044"}}},"KO":{"QuestionText":"\ubcf8\uc778\uc744 \uc5b4\ub5bb\uac8c \uc124\uba85\ud558\uc2dc\uaca0\uc2b5\ub2c8\uae4c?","Choices":{"1":{"Display":"\ub0a8\uc131"},"2":{"Display":"\uc5ec\uc131"},"3":{"Display":"\ub17c\ubc14\uc774\ub108\ub9ac\/\uc81c3\uc758 \uc131"},"4":{"Display":"\uc790\uccb4 \uc124\uba85 \uc120\ud638"},"5":{"Display":"\ub9d0\uc218\uac00 \uc801\uc740 \ud3b8"}}},"NL":{"QuestionText":"Hoe omschrijft u uzelf?","Choices":{"1":{"Display":"Man"},"2":{"Display":"Vrouw"},"3":{"Display":"Non-binair\/derde geslacht"},"4":{"Display":"Ik geef liever een eigen omschrijving"},"5":{"Display":"Ik zeg dat liever niet"}}},"PT-BR":{"QuestionText":"Como voc\u00ea se descreve?","Choices":{"1":{"Display":"Masculino"},"2":{"Display":"Feminino"},"3":{"Display":"N\u00e3o bin\u00e1rio\/terceiro g\u00eanero"},"4":{"Display":"Prefere a autodescri\u00e7\u00e3o"},"5":{"Display":"Prefere n\u00e3o dizer"}}},"ZH-S":{"QuestionText":"\u60a8\u4f1a\u5982\u4f55\u5f62\u5bb9\u81ea\u5df1\uff1f","Choices":{"1":{"Display":"\u7537"},"2":{"Display":"\u5973"},"3":{"Display":"\u975e\u4e8c\u5143\u6027\u522b\/\u7b2c\u4e09\u6027\u522b"},"4":{"Display":"\u66f4\u5e0c\u671b\u81ea\u6211\u63cf\u8ff0"},"5":{"Display":"\u4fdd\u5bc6"}}},"ZH-T":{"QuestionText":"\u60a8\u5982\u4f55\u63cf\u8ff0\u81ea\u5df1\uff1f","Choices":{"1":{"Display":"\u7537"},"2":{"Display":"\u5973"},"3":{"Display":"\u975e\u4e8c\u5143\u6027\u5225\/\u7b2c\u4e09\u6027\u5225"},"4":{"Display":"\u5e0c\u671b\u81ea\u5df1\u63cf\u8ff0"},"5":{"Display":"\u4fdd\u5bc6"}}}},"NextAnswerId":1,"NextChoiceId":6,"QuestionDescription":"How do you describe yourself?","QuestionText":"How do you describe yourself?","QuestionText_Unsafe":"How do you describe yourself?","QuestionType":"MC","Selector":"SAVR","SubSelector":"TX","Validation":{"Settings":{"ForceResponse":"OFF","ForceResponseType":"ON","Type":"None"}},"DataExportTag":"q3 ","QuestionID":"QID14"}},{"SurveyID":"SV_eXNLegFajnx3ksS","Element":"SQ","PrimaryAttribute":"QID30","SecondaryAttribute":"How many children under 18 live with you?","TertiaryAttribute":null,"Payload":{"Configuration":{"QuestionDescriptionOption":"UseText"},"DataExportTag":"Children","DataVisibility":{"Hidden":false,"Private":false},"DefaultChoices":false,"GradingData":[],"Language":{"DE":{"QuestionText":"Wie viele Kinder unter 18 leben bei Ihnen?"},"EN-GB":{"QuestionText":"How many children under 18 live with you?"},"ES":{"QuestionText":"\u00bfCuantos ni\u00f1os de menos de 18 a\u00f1os de edad viven en su domicilio?"},"ES-ES":{"QuestionText":"\u00bfCu\u00e1ntos hijos menores de 18 a\u00f1os viven con usted?"},"FR":{"QuestionText":"Combien d'enfants de moins de 18\u00a0ans vivent avec vous\u00a0?"},"IT":{"QuestionText":"Quanti figli al di sotto dei 18 anni vivono con te?"},"JA":{"QuestionText":"\u540c\u5c45\u3057\u3066\u3044\u308b18\u6b73\u672a\u6e80\u306f\u4f55\u4eba\u3044\u307e\u3059\u304b\uff1f"},"KO":{"QuestionText":"\ud568\uaed8 \uc0ac\ub294 \ub9cc 18\uc138 \ubbf8\ub9cc \uc790\ub140\ub294 \uba87 \uba85\uc785\ub2c8\uae4c?"},"NL":{"QuestionText":"Hoeveel kinderen onder de 18 wonen bij u?"},"PT-BR":{"QuestionText":"Quantas pessoas com idade abaixo de 18 anos moram com voc\u00ea?"},"ZH-S":{"QuestionText":"\u6709\u51e0\u4e2a\u672a\u6ee1 18 \u5c81\u7684\u5b50\u5973\u4e0e\u60a8\u540c\u4f4f\uff1f"},"ZH-T":{"QuestionText":"\u60a8\u6709\u5e7e\u500b\u5b50\u5973\u672a\u6eff 18 \u6b72\uff1f"}},"NextAnswerId":1,"NextChoiceId":4,"QuestionDescription":"How many children under 18 live with you?","QuestionText":"How many children under 18 live with you?","QuestionText_Unsafe":"How many children under 18 live with you?","QuestionType":"TE","SearchSource":{"AllowFreeResponse":"false"},"Selector":"SL","Validation":{"Settings":{"ForceResponse":"OFF","ForceResponseType":"ON","Type":"ContentType","ContentType":"ValidNumber","ValidDateType":"DateWithFormat","ValidPhoneType":"ValidUSPhone","ValidZipType":"ValidUSZip","ValidNumber":{"Min":"0","Max":"12","NumDecimals":"0"}}},"QuestionID":"QID30"}},{"SurveyID":"SV_eXNLegFajnx3ksS","Element":"SQ","PrimaryAttribute":"QID15","SecondaryAttribute":"How old are you?","TertiaryAttribute":null,"Payload":{"ChoiceOrder":[1,2,3,4,5,6,7],"Choices":{"1":{"Display":"Under 18"},"2":{"Display":"18-24 years old"},"3":{"Display":"25-34 years old"},"4":{"Display":"35-44 years old"},"5":{"Display":"45-54 years old"},"6":{"Display":"55-64 years old"},"7":{"Display":"65+ years old"}},"Configuration":{"QuestionDescriptionOption":"UseText"},"DataVisibility":{"Hidden":false,"Private":false},"GradingData":[],"Language":{"DE":{"QuestionText":"Alter","Choices":{"1":{"Display":"Unter 18"},"2":{"Display":"18-24 Jahre"},"3":{"Display":"25-34 Jahre"},"4":{"Display":"35-44 Jahre"},"5":{"Display":"45-54 Jahre"},"6":{"Display":"55-64 Jahre"},"7":{"Display":"Ab 65 Jahre"}}},"EN-GB":{"QuestionText":"How old are you?","Choices":{"1":{"Display":"Under 18"},"2":{"Display":"18-24 years old"},"3":{"Display":"25-34 years old"},"4":{"Display":"35-44 years old"},"5":{"Display":"45-54 years old"},"6":{"Display":"55-64 years old"},"7":{"Display":"65+ years old"}}},"ES":{"QuestionText":"\u00bfQu\u00e9 edad tiene?","Choices":{"1":{"Display":"Menor de 18"},"2":{"Display":"Entre 18 y 24 a\u00f1os de edad"},"3":{"Display":"Entre 25 y 34 a\u00f1os de edad"},"4":{"Display":"Entre 35 y 44 a\u00f1os de edad"},"5":{"Display":"Entre 45 y 54 a\u00f1os de edad"},"6":{"Display":"Entre 55 y 64 a\u00f1os de edad"},"7":{"Display":"M\u00e1s de 65 a\u00f1os de edad"}}},"ES-ES":{"QuestionText":"\u00bfQu\u00e9 edad tiene?","Choices":{"1":{"Display":"Menos de 18\u00a0a\u00f1os"},"2":{"Display":"18-24 a\u00f1os"},"3":{"Display":"25-34 a\u00f1os"},"4":{"Display":"35-44 a\u00f1os"},"5":{"Display":"45-54 a\u00f1os"},"6":{"Display":"55-64 a\u00f1os"},"7":{"Display":"+65 a\u00f1os"}}},"FR":{"QuestionText":"Quel \u00e2ge avez-vous\u00a0?","Choices":{"1":{"Display":"Moins de 18\u00a0ans"},"2":{"Display":"Entre 18 et 24 ans"},"3":{"Display":"Entre 25 et 34 ans"},"4":{"Display":"Entre 35 et 44 ans"},"5":{"Display":"Entre 45 et 54 ans"},"6":{"Display":"Entre 55 et 64 ans"},"7":{"Display":"+ de 65 ans"}}},"IT":{"QuestionText":"Quanti anni hai?","Choices":{"1":{"Display":"Meno di 18 anni"},"2":{"Display":"18-24 anni"},"3":{"Display":"25-34 anni"},"4":{"Display":"35-44 anni"},"5":{"Display":"45-54 anni"},"6":{"Display":"55-64 anni"},"7":{"Display":"Dai 65 anni in su"}}},"JA":{"QuestionText":"\u5e74\u9f62\u3092\u304a\u7b54\u3048\u304f\u3060\u3055\u3044\u3002","Choices":{"1":{"Display":"17\u6b73\u4ee5\u4e0b"},"2":{"Display":"18-24\u6b73"},"3":{"Display":"25-34\u6b73"},"4":{"Display":"35-44\u6b73"},"5":{"Display":"45-54\u6b73"},"6":{"Display":"55-64\u6b73"},"7":{"Display":"65\u6b73\u4ee5\u4e0a"}}},"KO":{"QuestionText":"\ub098\uc774\ub294 \uba87 \uc0b4\uc785\ub2c8\uae4c?","Choices":{"1":{"Display":"\ub9cc 18\uc138 \ubbf8\ub9cc"},"2":{"Display":"18~24\uc138"},"3":{"Display":"25~34\uc138"},"4":{"Display":"35~44\uc138"},"5":{"Display":"45~54\uc138"},"6":{"Display":"55~64\uc138"},"7":{"Display":"65\uc138 \uc774\uc0c1"}}},"NL":{"QuestionText":"Hoe oud bent u?","Choices":{"1":{"Display":"Jonger dan 18"},"2":{"Display":"18-24 jaar"},"3":{"Display":"25-34 jaar"},"4":{"Display":"35-44 jaar"},"5":{"Display":"45-54 jaar"},"6":{"Display":"55-64 jaar"},"7":{"Display":"65+"}}},"PT-BR":{"QuestionText":"Qual \u00e9 a sua idade?","Choices":{"1":{"Display":"Menos de 18"},"2":{"Display":"18 a 24 anos"},"3":{"Display":"25 a 34 anos"},"4":{"Display":"35 a 44 anos"},"5":{"Display":"45 a 54 anos"},"6":{"Display":"55 a 64 anos"},"7":{"Display":"65 anos ou mais"}}},"ZH-S":{"QuestionText":"\u60a8\u7684\u5e74\u9f84\u662f\uff1f","Choices":{"1":{"Display":"18 \u5c81\u4ee5\u4e0b"},"2":{"Display":"18-24 \u5c81"},"3":{"Display":"25-34 \u5c81"},"4":{"Display":"35-44 \u5c81"},"5":{"Display":"45-54 \u5c81"},"6":{"Display":"55-64 \u5c81"},"7":{"Display":"65 \u5c81\u4ee5\u4e0a"}}},"ZH-T":{"QuestionText":"\u60a8\u5e7e\u6b72\uff1f","Choices":{"1":{"Display":"\u4e0d\u5230 18 \u6b72"},"2":{"Display":"18-24 \u6b72"},"3":{"Display":"25-34 \u6b72"},"4":{"Display":"35-44 \u6b72"},"5":{"Display":"45-54 \u6b72"},"6":{"Display":"55-64 \u6b72"},"7":{"Display":"65 \u6b72\u4ee5\u4e0a"}}}},"NextAnswerId":1,"NextChoiceId":8,"QuestionDescription":"How old are you?","QuestionText":"How old are you?","QuestionText_Unsafe":"How old are you?","QuestionType":"MC","Selector":"SAVR","SubSelector":"TX","Validation":{"Settings":{"ForceResponse":"ON","ForceResponseType":"ON","Type":"None"}},"DataExportTag":"q1","QuestionID":"QID15"}},{"SurveyID":"SV_eXNLegFajnx3ksS","Element":"SQ","PrimaryAttribute":"QID17","SecondaryAttribute":"If you have any suggestions or if something is not clear or not work in the survey, please report...","TertiaryAttribute":null,"Payload":{"QuestionText":"If you have any suggestions or if something is not clear or not work in the survey, please report it in the box.","DefaultChoices":false,"DataExportTag":"f1","QuestionType":"TE","Selector":"SL","Configuration":{"QuestionDescriptionOption":"UseText"},"QuestionDescription":"If you have any suggestions or if something is not clear or not work in the survey, please report...","Validation":{"Settings":{"ForceResponse":"OFF","Type":"None"}},"GradingData":[],"Language":[],"NextChoiceId":4,"NextAnswerId":1,"SearchSource":{"AllowFreeResponse":"false"},"QuestionID":"QID17"}},{"SurveyID":"SV_eXNLegFajnx3ksS","Element":"SQ","PrimaryAttribute":"QID24","SecondaryAttribute":"Please rate the two candidates","TertiaryAttribute":null,"Payload":{"QuestionText":"Please rate the two candidates","DefaultChoices":false,"DataExportTag":"cj_2_r","QuestionType":"Slider","Selector":"HSLIDER","DataVisibility":{"Private":false,"Hidden":false},"Configuration":{"QuestionDescriptionOption":"UseText","CSSliderMin":1,"CSSliderMax":5,"GridLines":4,"SnapToGrid":false,"NumDecimals":"0","ShowValue":true,"CustomStart":false,"NotApplicable":false,"MobileFirst":true},"QuestionDescription":"Please rate the two candidates","Choices":{"1":{"Display":"Candidate 1"},"2":{"Display":"Candidate 2"}},"ChoiceOrder":[1,2],"Validation":{"Settings":{"ForceResponse":"RequestResponse","ForceResponseType":"RequestResponse","Type":"None"}},"GradingData":[],"Language":[],"NextChoiceId":3,"NextAnswerId":41,"Labels":{"36":{"Display":"Dislike a great deal"},"37":{"Display":"Dislike somewhat"},"38":{"Display":"Neither like nor dislike"},"39":{"Display":"Like somewhat"},"40":{"Display":"Like a great deal"}},"QuestionID":"QID24"}},{"SurveyID":"SV_eXNLegFajnx3ksS","Element":"SQ","PrimaryAttribute":"QID25","SecondaryAttribute":"Please rate the two candidates","TertiaryAttribute":null,"Payload":{"QuestionText":"Please rate the two candidates","DefaultChoices":false,"DataExportTag":"cj_3_r","QuestionType":"Slider","Selector":"HSLIDER","DataVisibility":{"Private":false,"Hidden":false},"Configuration":{"QuestionDescriptionOption":"UseText","CSSliderMin":1,"CSSliderMax":5,"GridLines":4,"SnapToGrid":false,"NumDecimals":"0","ShowValue":true,"CustomStart":false,"NotApplicable":false,"MobileFirst":true},"QuestionDescription":"Please rate the two candidates","Choices":{"1":{"Display":"Candidate 1"},"2":{"Display":"Candidate 2"}},"ChoiceOrder":[1,2],"Validation":{"Settings":{"ForceResponse":"ON","ForceResponseType":"ON","Type":"None"}},"GradingData":[],"Language":[],"NextChoiceId":3,"NextAnswerId":41,"Labels":{"36":{"Display":"Dislike a great deal"},"37":{"Display":"Dislike somewhat"},"38":{"Display":"Neither like nor dislike"},"39":{"Display":"Like somewhat"},"40":{"Display":"Like a great deal"}},"QuestionID":"QID25"}},{"SurveyID":"SV_eXNLegFajnx3ksS","Element":"SQ","PrimaryAttribute":"QID27","SecondaryAttribute":"Please rate the two candidates","TertiaryAttribute":null,"Payload":{"QuestionText":"Please rate the two candidates","DefaultChoices":false,"DataExportTag":"cj_4_r","QuestionType":"Slider","Selector":"HSLIDER","DataVisibility":{"Private":false,"Hidden":false},"Configuration":{"QuestionDescriptionOption":"UseText","CSSliderMin":1,"CSSliderMax":5,"GridLines":4,"SnapToGrid":false,"NumDecimals":"0","ShowValue":true,"CustomStart":false,"NotApplicable":false,"MobileFirst":true},"QuestionDescription":"Please rate the two candidates","Choices":{"1":{"Display":"Candidate 1"},"2":{"Display":"Candidate 2"}},"ChoiceOrder":[1,2],"Validation":{"Settings":{"ForceResponse":"RequestResponse","ForceResponseType":"RequestResponse","Type":"None"}},"GradingData":[],"Language":[],"NextChoiceId":3,"NextAnswerId":46,"Labels":{"41":{"Display":"Dislike a great deal"},"42":{"Display":"Dislike somewhat"},"43":{"Display":"Neither like nor dislike"},"44":{"Display":"Like somewhat"},"45":{"Display":"Like a great deal"}},"QuestionID":"QID27"}},{"SurveyID":"SV_eXNLegFajnx3ksS","Element":"SQ","PrimaryAttribute":"QID28","SecondaryAttribute":"Please rate the two candidates","TertiaryAttribute":null,"Payload":{"QuestionText":"Please rate the two candidates","DefaultChoices":false,"DataExportTag":"cj_5_r","QuestionType":"Slider","Selector":"HSLIDER","DataVisibility":{"Private":false,"Hidden":false},"Configuration":{"QuestionDescriptionOption":"UseText","CSSliderMin":1,"CSSliderMax":5,"GridLines":4,"SnapToGrid":false,"NumDecimals":"0","ShowValue":true,"CustomStart":false,"NotApplicable":false,"MobileFirst":true},"QuestionDescription":"Please rate the two candidates","Choices":{"1":{"Display":"Candidate 1"},"2":{"Display":"Candidate 2"}},"ChoiceOrder":[1,2],"Validation":{"Settings":{"ForceResponse":"RequestResponse","ForceResponseType":"RequestResponse","Type":"None"}},"GradingData":[],"Language":[],"NextChoiceId":3,"NextAnswerId":41,"Labels":{"36":{"Display":"Dislike a great deal"},"37":{"Display":"Dislike somewhat"},"38":{"Display":"Neither like nor dislike"},"39":{"Display":"Like somewhat"},"40":{"Display":"Like a great deal"}},"QuestionID":"QID28"}},{"SurveyID":"SV_eXNLegFajnx3ksS","Element":"SQ","PrimaryAttribute":"QID40","SecondaryAttribute":"Please rate the two candidates","TertiaryAttribute":null,"Payload":{"QuestionText":"Please rate the two candidates","DefaultChoices":false,"DataExportTag":"cj_1_r","QuestionType":"Slider","Selector":"HSLIDER","DataVisibility":{"Private":false,"Hidden":false},"Configuration":{"QuestionDescriptionOption":"UseText","CSSliderMin":1,"CSSliderMax":5,"GridLines":4,"SnapToGrid":false,"NumDecimals":"0","ShowValue":true,"CustomStart":false,"NotApplicable":false,"MobileFirst":true},"QuestionDescription":"Please rate the two candidates","Choices":{"1":{"Display":"Candidate 1"},"2":{"Display":"Candidate 2"}},"ChoiceOrder":[1,2],"Validation":{"Settings":{"ForceResponse":"RequestResponse","ForceResponseType":"RequestResponse","Type":"None"}},"GradingData":[],"Language":[],"NextChoiceId":3,"NextAnswerId":41,"Labels":{"36":{"Display":"Dislike a great deal"},"37":{"Display":"Dislike somewhat"},"38":{"Display":"Neither like nor dislike"},"39":{"Display":"Like somewhat"},"40":{"Display":"Like a great deal"}},"QuestionID":"QID40"}},{"SurveyID":"SV_eXNLegFajnx3ksS","Element":"SQ","PrimaryAttribute":"QID3","SecondaryAttribute":"Question 1Please carefully review the profiles detailed below, then please answer the questions.W...","TertiaryAttribute":null,"Payload":{"QuestionText":"<span>Question 1<\/span>\n<br><br>\n<span>Please carefully review the profiles detailed below, then please answer the questions. <\/span>\n<br>\n<br>\n<span>Which of these two candidate do you prefer?<\/span>\n<br>\n<div>\n<br>\n<table class=\"UserTable\">\n<tbody>\n<tr>\n<td>&nbsp;<\/td>\n<td style=\"text-align: center;\">\n<strong>Candidate 1<\/strong><\/td>\n<td style=\"text-align: center;\">\n<strong>Candidate 2<\/strong><\/td>\n<\/tr>\n<tr>\n<td style=\"text-align: center;\"><strong>${e:\/\/Field\/F-1-1}<\/strong><\/td>\n<td style=\"text-align: center;\">${e:\/\/Field\/F-1-1-1}<\/td>\n<td style=\"text-align: center;\">${e:\/\/Field\/F-1-2-1}<\/td>\n<\/tr><tr>\n<td style=\"text-align: center;\"><strong>${e:\/\/Field\/F-1-2}<\/strong><\/td>\n<td style=\"text-align: center;\">${e:\/\/Field\/F-1-1-2}<\/td>\n<td style=\"text-align: center;\">${e:\/\/Field\/F-1-2-2}<\/td>\n<\/tr><tr>\n<td style=\"text-align: center;\"><strong>${e:\/\/Field\/F-1-3}<\/strong><\/td>\n<td style=\"text-align: center;\">${e:\/\/Field\/F-1-1-3}<\/td>\n<td style=\"text-align: center;\">${e:\/\/Field\/F-1-2-3}<\/td>\n<\/tr><tr>\n<td style=\"text-align: center;\"><strong>${e:\/\/Field\/F-1-4}<\/strong><\/td>\n<td style=\"text-align: center;\">${e:\/\/Field\/F-1-1-4}<\/td>\n<td style=\"text-align: center;\">${e:\/\/Field\/F-1-2-4}<\/td>\n<\/tr><\/tbody>\n<\/table>\n<\/div>","DataExportTag":"cj_1","QuestionType":"MC","Selector":"SAHR","Configuration":{"QuestionDescriptionOption":"UseText","LabelPosition":"BELOW"},"QuestionDescription":"Question 1Please carefully review the profiles detailed below, then please answer the questions.W...","Choices":{"1":{"Display":"Candidate 1"},"2":{"Display":"Candidate 2"}},"ChoiceOrder":[1,2],"Validation":{"Settings":{"ForceResponse":"RequestResponse","ForceResponseType":"RequestResponse","Type":"None"}},"Language":[],"NextChoiceId":3,"NextAnswerId":1,"QuestionID":"QID3","DataVisibility":{"Private":false,"Hidden":false},"SubSelector":"TX","QuestionJS":false}},{"SurveyID":"SV_eXNLegFajnx3ksS","Element":"SQ","PrimaryAttribute":"QID7","SecondaryAttribute":"Question 2Please carefully review the profiles detailed below, then please answer the questions.\u00a0..","TertiaryAttribute":null,"Payload":{"QuestionText":"<span>Question 2<\/span>\n<br><br>\n<span>Please carefully review the profiles detailed below, then please answer the questions.&nbsp;<\/span><br>\n<br>\n<span>Which of these two candidate do you prefer?<\/span>\n<br>\n<div>\n<br>\n<table class=\"UserTable\">\n<tbody>\n<tr>\n<td>&nbsp;<\/td>\n<td style=\"text-align: center;\">\n<strong>Candidate 1<\/strong><\/td>\n<td style=\"text-align: center;\">\n<strong>Candidate 2<\/strong><\/td>\n<\/tr>\n<tr>\n<td style=\"text-align: center;\"><strong>${e:\/\/Field\/F-2-1}<\/strong><\/td>\n<td style=\"text-align: center;\">${e:\/\/Field\/F-2-1-1}<\/td>\n<td style=\"text-align: center;\">${e:\/\/Field\/F-2-2-1}<\/td>\n<\/tr><tr>\n<td style=\"text-align: center;\"><strong>${e:\/\/Field\/F-2-2}<\/strong><\/td>\n<td style=\"text-align: center;\">${e:\/\/Field\/F-2-1-2}<\/td>\n<td style=\"text-align: center;\">${e:\/\/Field\/F-2-2-2}<\/td>\n<\/tr><tr>\n<td style=\"text-align: center;\"><strong>${e:\/\/Field\/F-2-3}<\/strong><\/td>\n<td style=\"text-align: center;\">${e:\/\/Field\/F-2-1-3}<\/td>\n<td style=\"text-align: center;\">${e:\/\/Field\/F-2-2-3}<\/td>\n<\/tr><tr>\n<td style=\"text-align: center;\"><strong>${e:\/\/Field\/F-2-4}<\/strong><\/td>\n<td style=\"text-align: center;\">${e:\/\/Field\/F-2-1-4}<\/td>\n<td style=\"text-align: center;\">${e:\/\/Field\/F-2-2-4}<\/td>\n<\/tr><\/tbody>\n<\/table>\n<\/div>","DataExportTag":"cj_2","QuestionType":"MC","Selector":"SAHR","SubSelector":"TX","Configuration":{"QuestionDescriptionOption":"UseText","LabelPosition":"BELOW"},"QuestionDescription":"Question 2Please carefully review the profiles detailed below, then please answer the questions.\u00a0...","Choices":{"1":{"Display":"Candidate 1"},"2":{"Display":"Candidate 2"}},"ChoiceOrder":[1,2],"Validation":{"Settings":{"ForceResponse":"RequestResponse","ForceResponseType":"RequestResponse","Type":"None"}},"Language":[],"NextChoiceId":3,"NextAnswerId":1,"QuestionID":"QID7","DataVisibility":{"Private":false,"Hidden":false}}},{"SurveyID":"SV_eXNLegFajnx3ksS","Element":"SQ","PrimaryAttribute":"QID9","SecondaryAttribute":"Question 3Please carefully review the profiles detailed below, then please answer the questions.W...","TertiaryAttribute":null,"Payload":{"QuestionText":"<span>Question 3<\/span>\n<br><br>\n<span>Please carefully review the profiles detailed below, then please answer the questions.<\/span><br>\n<br>\n<span>Which of these two candidate do you prefer?<\/span>\n<br>\n<div>\n<br>\n<table class=\"UserTable\">\n<tbody>\n<tr>\n<td>&nbsp;<\/td>\n<td style=\"text-align: center;\">\n<strong>Candidate 1<\/strong><\/td>\n<td style=\"text-align: center;\">\n<strong>Candidate 2<\/strong><\/td>\n<\/tr>\n<tr>\n<td style=\"text-align: center;\"><strong>${e:\/\/Field\/F-3-1}<\/strong><\/td>\n<td style=\"text-align: center;\">${e:\/\/Field\/F-3-1-1}<\/td>\n<td style=\"text-align: center;\">${e:\/\/Field\/F-3-2-1}<\/td>\n<\/tr><tr>\n<td style=\"text-align: center;\"><strong>${e:\/\/Field\/F-3-2}<\/strong><\/td>\n<td style=\"text-align: center;\">${e:\/\/Field\/F-3-1-2}<\/td>\n<td style=\"text-align: center;\">${e:\/\/Field\/F-3-2-2}<\/td>\n<\/tr><tr>\n<td style=\"text-align: center;\"><strong>${e:\/\/Field\/F-3-3}<\/strong><\/td>\n<td style=\"text-align: center;\">${e:\/\/Field\/F-3-1-3}<\/td>\n<td style=\"text-align: center;\">${e:\/\/Field\/F-3-2-3}<\/td>\n<\/tr><tr>\n<td style=\"text-align: center;\"><strong>${e:\/\/Field\/F-3-4}<\/strong><\/td>\n<td style=\"text-align: center;\">${e:\/\/Field\/F-3-1-4}<\/td>\n<td style=\"text-align: center;\">${e:\/\/Field\/F-3-2-4}<\/td>\n<\/tr><\/tbody>\n<\/table>\n<\/div>","DataExportTag":"cj_3","QuestionType":"MC","Selector":"SAHR","SubSelector":"TX","Configuration":{"QuestionDescriptionOption":"UseText","LabelPosition":"BELOW"},"QuestionDescription":"Question 3Please carefully review the profiles detailed below, then please answer the questions.W...","Choices":{"1":{"Display":"Candidate 1"},"2":{"Display":"Candidate 2"}},"ChoiceOrder":[1,2],"Validation":{"Settings":{"ForceResponse":"RequestResponse","ForceResponseType":"RequestResponse","Type":"None"}},"Language":[],"NextChoiceId":3,"NextAnswerId":1,"QuestionID":"QID9","DataVisibility":{"Private":false,"Hidden":false}}},{"SurveyID":"SV_eXNLegFajnx3ksS","Element":"SQ","PrimaryAttribute":"QID10","SecondaryAttribute":"Question 4Please carefully review the profiles detailed below, then please answer the questions.\u00a0..","TertiaryAttribute":null,"Payload":{"QuestionText":"<span>Question 4<\/span>\n<br><br>\n<span>Please carefully review the profiles detailed below, then please answer the questions.&nbsp;<\/span><br>\n<br>\n<span>Which of these two candidate do you prefer?<\/span>\n<br>\n<div>\n<br>\n<table class=\"UserTable\">\n<tbody>\n<tr>\n<td>&nbsp;<\/td>\n<td style=\"text-align: center;\">\n<strong>Candidate 1<\/strong><\/td>\n<td style=\"text-align: center;\">\n<strong>Candidate 2<\/strong><\/td>\n<\/tr>\n<tr>\n<td style=\"text-align: center;\"><strong>${e:\/\/Field\/F-4-1}<\/strong><\/td>\n<td style=\"text-align: center;\">${e:\/\/Field\/F-4-1-1}<\/td>\n<td style=\"text-align: center;\">${e:\/\/Field\/F-4-2-1}<\/td>\n<\/tr><tr>\n<td style=\"text-align: center;\"><strong>${e:\/\/Field\/F-4-2}<\/strong><\/td>\n<td style=\"text-align: center;\">${e:\/\/Field\/F-4-1-2}<\/td>\n<td style=\"text-align: center;\">${e:\/\/Field\/F-4-2-2}<\/td>\n<\/tr><tr>\n<td style=\"text-align: center;\"><strong>${e:\/\/Field\/F-4-3}<\/strong><\/td>\n<td style=\"text-align: center;\">${e:\/\/Field\/F-4-1-3}<\/td>\n<td style=\"text-align: center;\">${e:\/\/Field\/F-4-2-3}<\/td>\n<\/tr><tr>\n<td style=\"text-align: center;\"><strong>${e:\/\/Field\/F-4-4}<\/strong><\/td>\n<td style=\"text-align: center;\">${e:\/\/Field\/F-4-1-4}<\/td>\n<td style=\"text-align: center;\">${e:\/\/Field\/F-4-2-4}<\/td>\n<\/tr><\/tbody>\n<\/table>\n<\/div>","DataExportTag":"cj_4","QuestionType":"MC","Selector":"SAHR","SubSelector":"TX","Configuration":{"QuestionDescriptionOption":"UseText","LabelPosition":"BELOW"},"QuestionDescription":"Question 4Please carefully review the profiles detailed below, then please answer the questions.\u00a0...","Choices":{"1":{"Display":"Candidate 1"},"2":{"Display":"Candidate 2"}},"ChoiceOrder":[1,2],"Validation":{"Settings":{"ForceResponse":"RequestResponse","ForceResponseType":"RequestResponse","Type":"None"}},"Language":[],"NextChoiceId":3,"NextAnswerId":1,"QuestionID":"QID10","DataVisibility":{"Private":false,"Hidden":false}}},{"SurveyID":"SV_eXNLegFajnx3ksS","Element":"SQ","PrimaryAttribute":"QID11","SecondaryAttribute":"Question 5Please carefully review the profiles detailed below, then please answer the questions.\u00a0..","TertiaryAttribute":null,"Payload":{"QuestionText":"<span>Question 5<\/span>\n<br><br>\n<span>Please carefully review the profiles detailed below, then please answer the questions.&nbsp;<\/span><br>\n<br>\n<span>Which of these two candidate do you prefer?<\/span>\n<br>\n<div>\n<br>\n<table class=\"UserTable\">\n<tbody>\n<tr>\n<td>&nbsp;<\/td>\n<td style=\"text-align: center;\">\n<strong>Candidate 1<\/strong><\/td>\n<td style=\"text-align: center;\">\n<strong>Candidate 2<\/strong><\/td>\n<\/tr>\n<tr>\n<td style=\"text-align: center;\"><strong>${e:\/\/Field\/F-5-1}<\/strong><\/td>\n<td style=\"text-align: center;\">${e:\/\/Field\/F-5-1-1}<\/td>\n<td style=\"text-align: center;\">${e:\/\/Field\/F-5-2-1}<\/td>\n<\/tr><tr>\n<td style=\"text-align: center;\"><strong>${e:\/\/Field\/F-5-2}<\/strong><\/td>\n<td style=\"text-align: center;\">${e:\/\/Field\/F-5-1-2}<\/td>\n<td style=\"text-align: center;\">${e:\/\/Field\/F-5-2-2}<\/td>\n<\/tr><tr>\n<td style=\"text-align: center;\"><strong>${e:\/\/Field\/F-5-3}<\/strong><\/td>\n<td style=\"text-align: center;\">${e:\/\/Field\/F-5-1-3}<\/td>\n<td style=\"text-align: center;\">${e:\/\/Field\/F-5-2-3}<\/td>\n<\/tr><tr>\n<td style=\"text-align: center;\"><strong>${e:\/\/Field\/F-5-4}<\/strong><\/td>\n<td style=\"text-align: center;\">${e:\/\/Field\/F-5-1-4}<\/td>\n<td style=\"text-align: center;\">${e:\/\/Field\/F-5-2-4}<\/td>\n<\/tr><\/tbody>\n<\/table>\n<\/div>","DataExportTag":"cj_5","QuestionType":"MC","Selector":"SAHR","SubSelector":"TX","Configuration":{"QuestionDescriptionOption":"UseText","LabelPosition":"BELOW"},"QuestionDescription":"Question 5Please carefully review the profiles detailed below, then please answer the questions.\u00a0...","Choices":{"1":{"Display":"Candidate 1"},"2":{"Display":"Candidate 2"}},"ChoiceOrder":[1,2],"Validation":{"Settings":{"ForceResponse":"ON","ForceResponseType":"ON","Type":"None"}},"Language":[],"NextChoiceId":3,"NextAnswerId":1,"QuestionID":"QID11","DataVisibility":{"Private":false,"Hidden":false}}},{"SurveyID":"SV_eXNLegFajnx3ksS","Element":"SQ","PrimaryAttribute":"QID19","SecondaryAttribute":"Some people say that our democracy is in danger because too many dangerous groups in our society...","TertiaryAttribute":null,"Payload":{"QuestionText":"Some people say that our democracy is in danger because too many dangerous groups in our society are tolerated and allowed to exist. According to this view, to save our democracy we need to stop tolerating these dangerous group and prohibit them to express their dangerous opinions.&nbsp;<br><br>Please, take few minutes to think about this issue. You can write your thoughts below if you want. &nbsp;&nbsp;<br>","DefaultChoices":false,"DataExportTag":"exp_trt","QuestionID":"QID19","QuestionType":"TE","Selector":"SL","DataVisibility":{"Private":false,"Hidden":false},"Configuration":{"QuestionDescriptionOption":"UseText"},"QuestionDescription":"Some people say that our democracy is in danger because too many dangerous groups in our society...","Validation":{"Settings":{"ForceResponse":"OFF","Type":"None"}},"GradingData":[],"Language":[],"NextChoiceId":1,"NextAnswerId":1,"SearchSource":{"AllowFreeResponse":"false"}}},{"SurveyID":"SV_eXNLegFajnx3ksS","Element":"SQ","PrimaryAttribute":"QID20","SecondaryAttribute":"Some people say that the moon is an important element in our ecosystem. According to this view, t...","TertiaryAttribute":null,"Payload":{"QuestionText":"Some people say that the moon is an important element in our ecosystem. According to this view, the&nbsp;tidal forces generated by the&nbsp;greater attraction that the Moon has for the side of Earth closest to the Moon are important for the survival of many aquatic species.&nbsp;<br><br>Please, take few minutes to think about this issue.&nbsp;You can write your thoughts below if you want.","DefaultChoices":false,"DataExportTag":"exp_cnt","QuestionID":"QID20","QuestionType":"TE","Selector":"SL","DataVisibility":{"Private":false,"Hidden":false},"Configuration":{"QuestionDescriptionOption":"UseText"},"QuestionDescription":"Some people say that the moon is an important element in our ecosystem. According to this view, t...","Validation":{"Settings":{"ForceResponse":"OFF","Type":"None"}},"GradingData":[],"Language":[],"NextChoiceId":1,"NextAnswerId":1,"SearchSource":{"AllowFreeResponse":"false"}}},{"SurveyID":"SV_eXNLegFajnx3ksS","Element":"SQ","PrimaryAttribute":"QID16","SecondaryAttribute":"The colour test you are about to take part in is very simple, when asked for your favourite colou...","TertiaryAttribute":null,"Payload":{"QuestionText":"The colour test you are about to take part in is very simple, when asked for your favourite\ncolour you must select 'Green'. This is an attention check.","DefaultChoices":false,"DataExportTag":"att_chk_1","QuestionType":"MC","Selector":"SAVR","SubSelector":"TX","Configuration":{"QuestionDescriptionOption":"UseText"},"QuestionDescription":"The colour test you are about to take part in is very simple, when asked for your favourite colou...","Choices":{"1":{"Display":"Red"},"2":{"Display":"Blue"},"3":{"Display":"Green"},"4":{"Display":"Orange"},"5":{"Display":"Brown"}},"ChoiceOrder":[1,2,3,4,5],"Validation":{"Settings":{"ForceResponse":"ON","ForceResponseType":"ON","Type":"None"}},"GradingData":[],"Language":[],"NextChoiceId":6,"NextAnswerId":1,"QuestionID":"QID16","DataVisibility":{"Private":false,"Hidden":false}}},{"SurveyID":"SV_eXNLegFajnx3ksS","Element":"SQ","PrimaryAttribute":"QID2","SecondaryAttribute":"The next five of questions are about some hypothetical potential candidates in the upcoming munic...","TertiaryAttribute":null,"Payload":{"QuestionText":"The next five of questions are about some hypothetical potential candidates in the upcoming municipal elections in a city close to Brussels. We\u2019ve provided different profiles of candidates that are competing against each others. We gather their information trough their websites, programs and CVs. Please review their profiles and select the one candidate that you are more likely to vote.&nbsp;","DefaultChoices":false,"DataExportTag":"cj_expl","QuestionType":"DB","Selector":"TB","Configuration":{"QuestionDescriptionOption":"UseText"},"QuestionDescription":"The next five of questions are about some hypothetical potential candidates in the upcoming munic...","ChoiceOrder":[],"Validation":{"Settings":{"Type":"None"}},"GradingData":[],"Language":[],"NextChoiceId":11,"NextAnswerId":1,"QuestionID":"QID2","DataVisibility":{"Private":false,"Hidden":false},"QuestionJS":"Qualtrics.SurveyEngine.addOnload(function()\n{\n\/\/ Code to randomly generate conjoint profiles in a Qualtrics survey\n\n\/\/ Terminology clarification: \n\/\/ Task = Set of choices presented to respondent in a single screen (i.e. pair of candidates)\n\/\/ Profile = Single list of attributes in a given task (i.e. candidate)\n\/\/ Attribute = Category characterized by a set of levels (i.e. education level)\n\/\/ Level = Value that an attribute can take in a particular choice task (i.e. \"no formal education\")\n\n\/\/ Attributes and Levels stored in a 2-dimensional Array \n\n\/* Randomize array in-place using Durstenfeld shuffle algorithm *\/\nfunction shuffleArray(array) {\n    for (var i = array.length - 1; i > 0; i--) {\n        var j = Math.floor(Math.random() * (i + 1));\n        var temp = array[i];\n        array[i] = array[j];\n        array[j] = temp;\n    }\n    return(array);\n}\n\n\/\/ Function to generate weighted random numbers\nfunction weighted_randomize(prob_array, at_key)\n{\n\tvar prob_list = prob_array[at_key];\n\t\n\t\/\/ Create an array containing cutpoints for randomization\n\tvar cumul_prob = new Array(prob_list.length);\n\tvar cumulative = 0.0;\n\tfor (var i=0;  i < prob_list.length; i++){\n\t\tcumul_prob[i] = cumulative;\n\t\tcumulative = cumulative + parseFloat(prob_list[i]);\n\t}\n\n\t\/\/ Generate a uniform random floating point value between 0.0 and 1.0\n\tvar unif_rand = Math.random();\n\n\t\/\/ Figure out which integer should be returned\n\tvar outInt = 0;\n\tfor (var k = 0; k < cumul_prob.length; k++){\n\t\tif (cumul_prob[k] <= unif_rand){\n\t\t\toutInt = k + 1;\n\t\t}\n\t}\n\n\treturn(outInt);\n\n}\n                    \n\nvar featurearray = {\"Campaign statement\" : [\"The political power should return to the people\",\"Competent party leaders make the best decisions\"],\"Proposal\" : [\"Ban extreme groups rallies in the state capital\",\"Rule by executive order if the opposite party does not collaborate\",\"Ban intollerant speech against political minorities\"],\"Language Spoken\" : [\"French\",\"Turkish\",\"Italian\",\"Portuguese\",\"Dutch\"],\"Party\" : [\"PVDA (Radical-Left)\",\"ECOLO (Greens)\",\"PS (Left)\",\"CDH (Liberals)\",\"MR-VLD (Right)\",\"N-VA (Radical Right)\"]};\n\nvar restrictionarray = [[[\"Age\",\"30s\"],[\"Years in Politics\",\"20\"]]];\n\nvar probabilityarray = {};\n\n\/\/ Indicator for whether weighted randomization should be enabled or not\nvar weighted = 0;\n\n\/\/ K = Number of tasks displayed to the respondent\nvar K = 5;\n\n\/\/ N = Number of profiles displayed in each task\nvar N = 2;\n\n\/\/ num_attributes = Number of Attributes in the Array\nvar num_attributes = featurearray.length;\n\n\/\/ Should duplicate profiles be rejected?\nvar noDuplicateProfiles = false;\n\nvar attrconstraintarray = [];\n\n\/\/ Re-randomize the featurearray\n\n\/\/ Place the $featurearray keys into a new array\nvar featureArrayKeys = Object.keys(featurearray);\n\n\/\/ If order randomization constraints exist, drop all of the non-free attributes\nif (attrconstraintarray.length != 0){\n\tfor (const constraints of attrconstraintarray){\n\t\tif (constraints.length > 1){\n\t\t\tfor (var p = 1; p < constraints.length; p++){\n\t\t\t\tif (featureArrayKeys.includes(constraints[p])){\n\t\t\t\t\tvar remkey = featureArrayKeys.indexOf(constraints[p]);\n                    featureArrayKeys.splice(remkey, 1);\n\t\t\t\t}\n\t\t\t}\n\t\t}\n\t}\n} \n\n\/\/ Re-randomize the featurearray keys\nfeatureArrayKeys = shuffleArray(featureArrayKeys);\n\n\/\/ Re-insert the non-free attributes constrained by $attrconstraintarray\nif (attrconstraintarray.length != 0){\n\tfor (const constraints of attrconstraintarray){\n\t\tif (constraints.length > 1){\n\t\t\tvar insertloc = constraints[0];\n\t\t\tif (featureArrayKeys.includes(insertloc)){\n\t\t\t\tvar insert_block = [];\n\t\t\t\tfor (var p = 1; p < constraints.length; p++){\n          insert_block.push(constraints[p]);\n\t\t\t\t}\n\t\t\t\tvar begin_index = featureArrayKeys.indexOf(insertloc);\n\t\t\t\tfeatureArrayKeys.splice(begin_index+1, 0, ...insert_block);\n\t\t\t}\n\t\t}\n\t}\n}\n\n\n\/\/ Re-generate the new $featurearray - label it $featureArrayNew\nvar featureArrayNew = {};\nfor (var h = 0; h < featureArrayKeys.length; h++){\n    featureArrayNew[featureArrayKeys[h]] = featurearray[featureArrayKeys[h]];        \n}\n\n\n\/\/ Initialize the array returned to the user\n\/\/ Naming Convention\n\/\/ Level Name: F-[task number]-[profile number]-[attribute number]\n\/\/ Attribute Name: F-[task number]-[attribute number]\n\/\/ Example: F-1-3-2, Returns the level corresponding to Task 1, Profile 3, Attribute 2 \n\/\/ F-3-3, Returns the attribute name corresponding to Task 3, Attribute 3\n\nvar returnarray = {};\n\n\/\/ For each task $p\nfor(var p = 1; p <= K; p++){\n\n\t\/\/ For each profile $i\n\tfor(var i = 1; i <= N; i++){\n\n\t\t\/\/ Repeat until non-restricted profile generated\n\t\tvar complete = false;\n\n\t\twhile (complete == false){\n\n\t\t\t\/\/ Create a count for $attributes to be incremented in the next loop\n\t\t\tvar attr = 0;\n\t\t\t\n\t\t\t\/\/ Create a dictionary to hold profile's attributes\n\t\t\tvar profile_dict = {};\n\n\t\t\t\/\/ For each attribute $attribute and level array $levels in task $p\n\t\t\tfor(var q = 0; q < featureArrayKeys.length; q++){\n\t\t\t\t\/\/ Get Attribute name\n\t\t\t\tvar attr_name = featureArrayKeys[q];\n\t\t\t\t\t\n\t\t\t\t\/\/ Increment attribute count\n\t\t\t\tattr = attr + 1;\n\t\n\t\t\t\t\/\/ Create key for attribute name\n\t\t\t\tvar attr_key = \"F-\" + p + \"-\" + attr;\n\t\n                \/\/ Store attribute name in returnarray\n                returnarray[attr_key] = attr_name;\n\n\t\t\t\t\/\/ Get length of levels array\n\t\t\t\tvar num_levels = featureArrayNew[attr_name].length;\n\n\t\t\t\t\/\/ Randomly select one of the level indices\n\t\t\t\tif (weighted == 1){\n\t\t\t\t\tvar level_index = weighted_randomize(probabilityarray, attr_name) - 1;\n\n\t\t\t\t}else{\n\t\t\t\t\tvar level_index = Math.floor(Math.random() * num_levels);\n\t\t\t\t}\t\n\n\t\t\t\t\/\/ Pull out the selected level\n\t\t\t\tvar chosen_level = featureArrayNew[attr_name][level_index];\n\t\t\t\t\n\t\t\t\t\/\/ Store selected level in profileDict\n\t\t\t\tprofile_dict[attr_name] = chosen_level;\n\t\n\t\t\t\t\/\/ Create key for level in $returnarray\n\t\t\t\tvar level_key = \"F-\" + p + \"-\" + i + \"-\" + attr;\n\t\n\t\t\t\t\/\/ Store selected level in $returnarray\n\t\t\t\treturnarray[level_key] = chosen_level;\n\n\t\t\t}\n\n            var clear = true;\n            \n            \/\/ Cycle through restrictions to confirm\/reject profile\n            if (restrictionarray.length != 0){\n                for (var v = 0; v < restrictionarray.length; v++){\n                    var falsevar = 1;\n                    for (var mp = 0; mp < restrictionarray[v].length; mp++){\n                        if (profile_dict[restrictionarray[v][mp][0]] == restrictionarray[v][mp][1]){\n                            falsevar = falsevar*1;\n                        }else{\n                            falsevar = falsevar*0;\n                        }\t\t\t\t\t\t\t\n                    }\n                    if (falsevar == 1){\n                        clear = false;\n                    }\n                }\n            }\n                            \n            \/\/ If we're throwing out duplicates\n            if (noDuplicateProfiles == true){\n                \/\/ Cycle through all previous profiles to confirm no identical profiles\n                if (i > 1){    \n                    \/\/ For each previous profile\n                    for(var z = 1; z < i; z++){\n    \t\t\t\t\t\n                        \/\/ Start by assuming it's the same\n                        var identical = true;\n    \t\t\t\t\t\n                        \/\/ Create a count for $attributes to be incremented in the next loop\n                        var attrTemp = 0;\n    \t\t\t\t\t\n                        \/\/ For each attribute $attribute and level array $levels in task $p\n                        for(var qz = 0; qz < featureArrayKeys.length; qz++){\n    \t\t\t\t\t\t\n                            \/\/ Increment attribute count\n                            attrTemp = attrTemp + 1;\n    \n                            \/\/ Create keys \n                            var level_key_profile = \"F-\" + p + \"-\" + i + \"-\" + attrTemp;\n                            var level_key_check = \"F-\" + p + \"-\" + z + \"-\" + attrTemp;\n    \t\t\t\t\t\t\n                            \/\/ If attributes are different, declare not identical\n                            if (returnarray[level_key_profile] != returnarray[level_key_check]){\n                                identical = false;\n                            }\n                        }\n                        \/\/ If we detect an identical profile, reject\n                        if (identical == true){\n                            clear = false;\n                        }\n                    }                \n                }\n            }\n            complete = clear;\n        }\n    }\n}\n                            \n\/\/ Write returnarray to Qualtrics\n\nvar returnarrayKeys = Object.keys(returnarray);\n\nfor (var pr = 0; pr < returnarrayKeys.length; pr++){\n       Qualtrics.SurveyEngine.setEmbeddedData(returnarrayKeys[pr], returnarray[returnarrayKeys[pr]]); \n}\n\n\n});\n\nQualtrics.SurveyEngine.addOnReady(function()\n{\n\t\/*Place your JavaScript here to run when the page is fully displayed*\/\n\n});\n\nQualtrics.SurveyEngine.addOnUnload(function()\n{\n\t\/*Place your JavaScript here to run when the page is unloaded*\/\n\n});"}},{"SurveyID":"SV_eXNLegFajnx3ksS","Element":"SQ","PrimaryAttribute":"QID18","SecondaryAttribute":"The\u00a0test you are about to take part in is very simple. Please select which animal is the one disp..","TertiaryAttribute":null,"Payload":{"QuestionText":"<br>\nThe&nbsp;test you are about to take part in is very simple. Please select which animal is the one displayed in the picture below. This is a bot check.<br>\n<br>\n<img src=\"https:\/\/qualtrics.ceu.edu\/CP\/Graphic.php?IM=IM_8v9Vl2psjCQgzR4\" style=\"width: 322px; height: 336px;\"><br>\n<br>\n&nbsp;","DefaultChoices":false,"DataExportTag":"bot_check_1","QuestionID":"QID18","QuestionType":"MC","Selector":"SAVR","SubSelector":"TX","Configuration":{"QuestionDescriptionOption":"UseText"},"QuestionDescription":"The\u00a0test you are about to take part in is very simple. Please select which animal is the one disp...","Choices":{"1":{"Display":"Dog"},"2":{"Display":"Giraffe"},"3":{"Display":"Turtle"},"4":{"Display":"Lion"},"5":{"Display":"Sanke"}},"ChoiceOrder":[1,2,3,4,5],"Validation":{"Settings":{"ForceResponse":"ON","ForceResponseType":"ON","Type":"None"}},"GradingData":[],"Language":[],"NextChoiceId":6,"NextAnswerId":1,"QuestionJS":"Qualtrics.SurveyEngine.addOnload(function()\n{\n\t\/\/ Code to randomly generate conjoint profiles in a Qualtrics survey\n\n\/\/ Terminology clarification: \n\/\/ Task = Set of choices presented to respondent in a single screen (i.e. pair of candidates)\n\/\/ Profile = Single list of attributes in a given task (i.e. candidate)\n\/\/ Attribute = Category characterized by a set of levels (i.e. education level)\n\/\/ Level = Value that an attribute can take in a particular choice task (i.e. \"no formal education\")\n\n\/\/ Attributes and Levels stored in a 2-dimensional Array \n\n\/* Randomize array in-place using Durstenfeld shuffle algorithm *\/\nfunction shuffleArray(array) {\n    for (var i = array.length - 1; i > 0; i--) {\n        var j = Math.floor(Math.random() * (i + 1));\n        var temp = array[i];\n        array[i] = array[j];\n        array[j] = temp;\n    }\n    return(array);\n}\n\n\/\/ Function to generate weighted random numbers\nfunction weighted_randomize(prob_array, at_key)\n{\n\tvar prob_list = prob_array[at_key];\n\t\n\t\/\/ Create an array containing cutpoints for randomization\n\tvar cumul_prob = new Array(prob_list.length);\n\tvar cumulative = 0.0;\n\tfor (var i=0;  i < prob_list.length; i++){\n\t\tcumul_prob[i] = cumulative;\n\t\tcumulative = cumulative + parseFloat(prob_list[i]);\n\t}\n\n\t\/\/ Generate a uniform random floating point value between 0.0 and 1.0\n\tvar unif_rand = Math.random();\n\n\t\/\/ Figure out which integer should be returned\n\tvar outInt = 0;\n\tfor (var k = 0; k < cumul_prob.length; k++){\n\t\tif (cumul_prob[k] <= unif_rand){\n\t\t\toutInt = k + 1;\n\t\t}\n\t}\n\n\treturn(outInt);\n\n}\n                    \n\nvar featurearray = {\"Campaign statement\" : [\"The political power should return to the people\",\"We need competent leaders to make the best decision \"],\"Proposal\" : [\"Ban extreme groups rallies in the state capital\",\"Rule by executive order if the opposite party does not collaborate\",\"Bad speech if against decency\"],\"Language Spoken\" : [\"French\",\"Turkish\",\"Italian\",\"Portuguese\",\"Dutch\"],\"Party\" : [\"PVDA (Radical-Left)\",\"ECOLO (Greens)\",\"PS (Left)\",\"CDH (Liberals)\",\"MR-VLD (Right)\",\"N-VA (Radical Right)\"]};\n\nvar restrictionarray = [];\n\nvar probabilityarray = {};\n\n\/\/ Indicator for whether weighted randomization should be enabled or not\nvar weighted = 0;\n\n\/\/ K = Number of tasks displayed to the respondent\nvar K = 5;\n\n\/\/ N = Number of profiles displayed in each task\nvar N = 2;\n\n\/\/ num_attributes = Number of Attributes in the Array\nvar num_attributes = featurearray.length;\n\n\/\/ Should duplicate profiles be rejected?\nvar noDuplicateProfiles = true;\n\nvar attrconstraintarray = [];\n\n\/\/ Re-randomize the featurearray\n\n\/\/ Place the $featurearray keys into a new array\nvar featureArrayKeys = Object.keys(featurearray);\n\n\/\/ If order randomization constraints exist, drop all of the non-free attributes\nif (attrconstraintarray.length != 0){\n\tfor (const constraints of attrconstraintarray){\n\t\tif (constraints.length > 1){\n\t\t\tfor (var p = 1; p < constraints.length; p++){\n\t\t\t\tif (featureArrayKeys.includes(constraints[p])){\n\t\t\t\t\tvar remkey = featureArrayKeys.indexOf(constraints[p]);\n                    featureArrayKeys.splice(remkey, 1);\n\t\t\t\t}\n\t\t\t}\n\t\t}\n\t}\n} \n\n\/\/ Re-randomize the featurearray keys\nfeatureArrayKeys = shuffleArray(featureArrayKeys);\n\n\/\/ Re-insert the non-free attributes constrained by $attrconstraintarray\nif (attrconstraintarray.length != 0){\n\tfor (const constraints of attrconstraintarray){\n\t\tif (constraints.length > 1){\n\t\t\tvar insertloc = constraints[0];\n\t\t\tif (featureArrayKeys.includes(insertloc)){\n\t\t\t\tvar insert_block = [];\n\t\t\t\tfor (var p = 1; p < constraints.length; p++){\n          insert_block.push(constraints[p]);\n\t\t\t\t}\n\t\t\t\tvar begin_index = featureArrayKeys.indexOf(insertloc);\n\t\t\t\tfeatureArrayKeys.splice(begin_index+1, 0, ...insert_block);\n\t\t\t}\n\t\t}\n\t}\n}\n\n\n\/\/ Re-generate the new $featurearray - label it $featureArrayNew\nvar featureArrayNew = {};\nfor (var h = 0; h < featureArrayKeys.length; h++){\n    featureArrayNew[featureArrayKeys[h]] = featurearray[featureArrayKeys[h]];        \n}\n\n\n\/\/ Initialize the array returned to the user\n\/\/ Naming Convention\n\/\/ Level Name: F-[task number]-[profile number]-[attribute number]\n\/\/ Attribute Name: F-[task number]-[attribute number]\n\/\/ Example: F-1-3-2, Returns the level corresponding to Task 1, Profile 3, Attribute 2 \n\/\/ F-3-3, Returns the attribute name corresponding to Task 3, Attribute 3\n\nvar returnarray = {};\n\n\/\/ For each task $p\nfor(var p = 1; p <= K; p++){\n\n\t\/\/ For each profile $i\n\tfor(var i = 1; i <= N; i++){\n\n\t\t\/\/ Repeat until non-restricted profile generated\n\t\tvar complete = false;\n\n\t\twhile (complete == false){\n\n\t\t\t\/\/ Create a count for $attributes to be incremented in the next loop\n\t\t\tvar attr = 0;\n\t\t\t\n\t\t\t\/\/ Create a dictionary to hold profile's attributes\n\t\t\tvar profile_dict = {};\n\n\t\t\t\/\/ For each attribute $attribute and level array $levels in task $p\n\t\t\tfor(var q = 0; q < featureArrayKeys.length; q++){\n\t\t\t\t\/\/ Get Attribute name\n\t\t\t\tvar attr_name = featureArrayKeys[q];\n\t\t\t\t\t\n\t\t\t\t\/\/ Increment attribute count\n\t\t\t\tattr = attr + 1;\n\t\n\t\t\t\t\/\/ Create key for attribute name\n\t\t\t\tvar attr_key = \"F-\" + p + \"-\" + attr;\n\t\n                \/\/ Store attribute name in returnarray\n                returnarray[attr_key] = attr_name;\n\n\t\t\t\t\/\/ Get length of levels array\n\t\t\t\tvar num_levels = featureArrayNew[attr_name].length;\n\n\t\t\t\t\/\/ Randomly select one of the level indices\n\t\t\t\tif (weighted == 1){\n\t\t\t\t\tvar level_index = weighted_randomize(probabilityarray, attr_name) - 1;\n\n\t\t\t\t}else{\n\t\t\t\t\tvar level_index = Math.floor(Math.random() * num_levels);\n\t\t\t\t}\t\n\n\t\t\t\t\/\/ Pull out the selected level\n\t\t\t\tvar chosen_level = featureArrayNew[attr_name][level_index];\n\t\t\t\t\n\t\t\t\t\/\/ Store selected level in profileDict\n\t\t\t\tprofile_dict[attr_name] = chosen_level;\n\t\n\t\t\t\t\/\/ Create key for level in $returnarray\n\t\t\t\tvar level_key = \"F-\" + p + \"-\" + i + \"-\" + attr;\n\t\n\t\t\t\t\/\/ Store selected level in $returnarray\n\t\t\t\treturnarray[level_key] = chosen_level;\n\n\t\t\t}\n\n            var clear = true;\n            \n            \/\/ Cycle through restrictions to confirm\/reject profile\n            if (restrictionarray.length != 0){\n                for (var v = 0; v < restrictionarray.length; v++){\n                    var falsevar = 1;\n                    for (var mp = 0; mp < restrictionarray[v].length; mp++){\n                        if (profile_dict[restrictionarray[v][mp][0]] == restrictionarray[v][mp][1]){\n                            falsevar = falsevar*1;\n                        }else{\n                            falsevar = falsevar*0;\n                        }\t\t\t\t\t\t\t\n                    }\n                    if (falsevar == 1){\n                        clear = false;\n                    }\n                }\n            }\n                            \n            \/\/ If we're throwing out duplicates\n            if (noDuplicateProfiles == true){\n                \/\/ Cycle through all previous profiles to confirm no identical profiles\n                if (i > 1){    \n                    \/\/ For each previous profile\n                    for(var z = 1; z < i; z++){\n    \t\t\t\t\t\n                        \/\/ Start by assuming it's the same\n                        var identical = true;\n    \t\t\t\t\t\n                        \/\/ Create a count for $attributes to be incremented in the next loop\n                        var attrTemp = 0;\n    \t\t\t\t\t\n                        \/\/ For each attribute $attribute and level array $levels in task $p\n                        for(var qz = 0; qz < featureArrayKeys.length; qz++){\n    \t\t\t\t\t\t\n                            \/\/ Increment attribute count\n                            attrTemp = attrTemp + 1;\n    \n                            \/\/ Create keys \n                            var level_key_profile = \"F-\" + p + \"-\" + i + \"-\" + attrTemp;\n                            var level_key_check = \"F-\" + p + \"-\" + z + \"-\" + attrTemp;\n    \t\t\t\t\t\t\n                            \/\/ If attributes are different, declare not identical\n                            if (returnarray[level_key_profile] != returnarray[level_key_check]){\n                                identical = false;\n                            }\n                        }\n                        \/\/ If we detect an identical profile, reject\n                        if (identical == true){\n                            clear = false;\n                        }\n                    }                \n                }\n            }\n            complete = clear;\n        }\n    }\n}\n                            \n\/\/ Write returnarray to Qualtrics\n\nvar returnarrayKeys = Object.keys(returnarray);\n\nfor (var pr = 0; pr < returnarrayKeys.length; pr++){\n       Qualtrics.SurveyEngine.setEmbeddedData(returnarrayKeys[pr], returnarray[returnarrayKeys[pr]]); \n}\n\n});\n\nQualtrics.SurveyEngine.addOnReady(function()\n{\n\t\/*Place your JavaScript here to run when the page is fully displayed*\/\n\n});\n\nQualtrics.SurveyEngine.addOnUnload(function()\n{\n\t\/*Place your JavaScript here to run when the page is unloaded*\/\n\n});","DataVisibility":{"Private":false,"Hidden":false}}},{"SurveyID":"SV_eXNLegFajnx3ksS","Element":"SQ","PrimaryAttribute":"QID4","SecondaryAttribute":"Think of the political issues most important to you. Do you feel any of these parties deal with t...","TertiaryAttribute":null,"Payload":{"QuestionText":"Think of the political issues most important to you. Do you feel any of these parties deal with these issues&nbsp;better?","DataExportTag":"forced_pid","QuestionType":"MC","Selector":"SAVR","SubSelector":"TX","Configuration":{"QuestionDescriptionOption":"UseText"},"QuestionDescription":"Think of the political issues most important to you. Do you feel any of these parties deal with t...","Choices":{"1":{"Display":"PVDA"},"2":{"Display":"ECOLO"},"3":{"Display":"PS"},"4":{"Display":"CDH"},"5":{"Display":"MR-VLD"},"6":{"Display":"N-VA"},"7":{"Display":"None of the above"}},"ChoiceOrder":[1,2,3,4,5,6,7],"Validation":{"Settings":{"ForceResponse":"OFF","ForceResponseType":"ON","Type":"None"}},"Language":[],"NextChoiceId":8,"NextAnswerId":1,"QuestionID":"QID4","AnalyzeChoices":{"7":"No"}}},{"SurveyID":"SV_eXNLegFajnx3ksS","Element":"SQ","PrimaryAttribute":"QID31","SecondaryAttribute":"What best describes your employment status over the last three months?","TertiaryAttribute":null,"Payload":{"ChoiceOrder":[1,2,3,4,5,6,7],"Choices":{"1":{"Display":"Working full-time"},"2":{"Display":"Working part-time"},"3":{"Display":"Unemployed and looking for work"},"4":{"Display":"A homemaker or stay-at-home parent"},"5":{"Display":"Student"},"6":{"Display":"Retired"},"7":{"Display":"Other"}},"Configuration":{"QuestionDescriptionOption":"UseText"},"DataVisibility":{"Hidden":false,"Private":false},"GradingData":[],"Language":{"DE":{"QuestionText":"Wie l\u00e4sst sich Ihr Besch\u00e4ftigungsstatus in den letzten drei Monaten am Besten beschreiben?","Choices":{"1":{"Display":"In Vollzeit erwerbst\u00e4tig"},"2":{"Display":"In Teilzeit erwerbst\u00e4tig"},"3":{"Display":"Arbeitslos und arbeitssuchend"},"4":{"Display":"Hausfrau-\/mann oder nicht berufst\u00e4tiger Elternteil"},"5":{"Display":"Sch\u00fcler \/ Student"},"6":{"Display":"Im Ruhestand"},"7":{"Display":"Sonstige"}}},"EN-GB":{"QuestionText":"What best describes your employment status over the last three months?","Choices":{"1":{"Display":"Working full-time"},"2":{"Display":"Working part-time"},"3":{"Display":"Unemployed and looking for work"},"4":{"Display":"A homemaker or stay-at-home parent"},"5":{"Display":"Student"},"6":{"Display":"Retired"},"7":{"Display":"Other"}}},"ES":{"QuestionText":"\u00bfQu\u00e9 es lo que mejor describe a su situaci\u00f3n profesional de los \u00faltimos tres meses?","Choices":{"1":{"Display":"Trabajando a tiempo completo"},"2":{"Display":"Trabajando a tiempo parcial"},"3":{"Display":"Desempleado y en busca de trabajo"},"4":{"Display":"Amo\/a de casa o progenitor que permanece en el hogar"},"5":{"Display":"Estudiante"},"6":{"Display":"Jubilado"},"7":{"Display":"Otros"}}},"ES-ES":{"QuestionText":"\u00bfQu\u00e9 opci\u00f3n describe mejor su estado profesional durante los \u00faltimos tres meses?","Choices":{"1":{"Display":"Empleado\/a a tiempo completo"},"2":{"Display":"Empleado\/a a tiempo parcial"},"3":{"Display":"Desempleado\/a y en b\u00fasqueda de trabajo"},"4":{"Display":"Amo\/a de casa o progenitor\/a que se queda en casa"},"5":{"Display":"Estudiante"},"6":{"Display":"Jubilado"},"7":{"Display":"Otros"}}},"FR":{"QuestionText":"Qu'est-ce qui d\u00e9crit le mieux votre statut d'activit\u00e9 au cours des trois derniers mois\u00a0?","Choices":{"1":{"Display":"Travail \u00e0 temps plein"},"2":{"Display":"Travail \u00e0 temps partiel"},"3":{"Display":"Sans emploi ou \u00e0 la recherche d'un emploi"},"4":{"Display":"Homme\/Femme au foyer"},"5":{"Display":"\u00c9tudiant(e)"},"6":{"Display":"Retrait\u00e9(e)"},"7":{"Display":"Autre"}}},"IT":{"QuestionText":"Qual'\u00e8 l'aspetto che descrive meglio il tuo stato occupazionale negli ultimi tre mesi","Choices":{"1":{"Display":"Lavoro a tempo pieno"},"2":{"Display":"Lavoro a tempo parziale"},"3":{"Display":"Disoccupato\/a e in cerca di lavoro"},"4":{"Display":"Casalingo\/a o genitore a casa"},"5":{"Display":"Studente\/ssa"},"6":{"Display":"Pensionato\/a"},"7":{"Display":"Altro"}}},"JA":{"QuestionText":"\u904e\u53bb3\u30ab\u6708\u306e\u96c7\u7528\u72b6\u614b\u3092\u6700\u3082\u3088\u304f\u8868\u3057\u3066\u3044\u308b\u3082\u306e\u3092\u304a\u7b54\u3048\u304f\u3060\u3055\u3044\u3002","Choices":{"1":{"Display":"\u30d5\u30eb\u30bf\u30a4\u30e0\u52e4\u52d9"},"2":{"Display":"\u30d1\u30fc\u30c8\u30bf\u30a4\u30e0\u52e4\u52d9"},"3":{"Display":"\u7121\u8077\u3001\u6c42\u8077\u4e2d"},"4":{"Display":"\u4e3b\u592b\uff0f\u4e3b\u5a66"},"5":{"Display":"\u5b66\u751f"},"6":{"Display":"\u9000\u8077\u8005"},"7":{"Display":"\u305d\u306e\u4ed6"}}},"KO":{"QuestionText":"\uc9c0\ub09c 3\uac1c\uc6d4 \ub3d9\uc548 \uadc0\ud558\uc758 \uc7ac\uc9c1 \uc0c1\ud0dc\ub97c \uac00\uc7a5 \uc798 \uc124\uba85\ud558\ub294 \uac83\uc740 \ubb34\uc5c7\uc785\ub2c8\uae4c?","Choices":{"1":{"Display":"\uc0c1\uadfc \uadfc\ubb34"},"2":{"Display":"\ube44\uc0c1\uadfc \uadfc\ubb34"},"3":{"Display":"\ubbf8\ucde8\uc5c5 \ubc0f \uad6c\uc9c1 \uc911"},"4":{"Display":"\uc8fc\ubd80 \ub610\ub294 \uac00\uc0ac \uc804\ub2f4 \ubd80\ubaa8"},"5":{"Display":"\ud559\uc0dd"},"6":{"Display":"\uc740\ud1f4\uc790"},"7":{"Display":"\uae30\ud0c0"}}},"NL":{"QuestionText":"Wat is de beste omschrijving van uw werksituatie in de afgelopen drie maanden?","Choices":{"1":{"Display":"Ik werk fulltime"},"2":{"Display":"Ik werk parttime"},"3":{"Display":"Werkloos en werkzoekende"},"4":{"Display":"Huisman of huisvrouw"},"5":{"Display":"Student"},"6":{"Display":"Gepensioneerd"},"7":{"Display":"Overig"}}},"PT-BR":{"QuestionText":"O que melhor descreve seu status empregat\u00edcio nos \u00faltimos 3 meses?","Choices":{"1":{"Display":"Trabalho em tempo integral"},"2":{"Display":"Trabalho em tempo parcial"},"3":{"Display":"Desempregado e procurando trabalho"},"4":{"Display":"Dono(a) de casa ou pai\/m\u00e3e do lar"},"5":{"Display":"Estudante"},"6":{"Display":"Aposentado"},"7":{"Display":"Outro"}}},"ZH-S":{"QuestionText":"\u54ea\u4e00\u9879\u6700\u80fd\u8bf4\u660e\u60a8\u6700\u8fd1\u4e09\u4e2a\u6708\u7684\u5c31\u4e1a\u72b6\u51b5\uff1f","Choices":{"1":{"Display":"\u5168\u804c\u5de5\u4f5c"},"2":{"Display":"\u517c\u804c\u5de5\u4f5c"},"3":{"Display":"\u5931\u4e1a\uff0c\u6b63\u5728\u627e\u5de5\u4f5c"},"4":{"Display":"\u64cd\u6301\u5bb6\u52a1\u8005\u6216\u5168\u804c\u7236\u6bcd"},"5":{"Display":"\u5b66\u751f"},"6":{"Display":"\u9000\u4f11"},"7":{"Display":"\u5176\u4ed6"}}},"ZH-T":{"QuestionText":"\u8207\u60a8\u6700\u8fd1\u4e09\u500b\u6708\u7684\u5c31\u696d\u60c5\u6cc1\u6700\u76f8\u7b26\u7684\u662f\uff1f","Choices":{"1":{"Display":"\u5168\u8077\u5de5\u4f5c"},"2":{"Display":"\u517c\u8077\u5de5\u4f5c"},"3":{"Display":"\u5931\u696d\uff0c\u6b63\u5728\u627e\u5de5\u4f5c"},"4":{"Display":"\u7167\u9867\u5bb6\u5ead\u7684\u4eba\u6216\u5168\u8077\u7236\u6bcd"},"5":{"Display":"\u5b78\u751f"},"6":{"Display":"\u5df2\u9000\u4f11"},"7":{"Display":"\u5176\u4ed6"}}}},"NextAnswerId":1,"NextChoiceId":8,"QuestionDescription":"What best describes your employment status over the last three months?","QuestionText":"What best describes your employment status over the last three months?","QuestionText_Unsafe":"What best describes your employment status over the last three months?","QuestionType":"MC","ReferenceQuestionConfig":{"instanceOf":{"id":"RQ_yyrTkbcExp3L2LK","version":"v2.0.0"}},"SchemaConfig":{"ChoiceMapping":{"1":"enu:\/\/working","2":"enu:\/\/workingparttime","3":"enu:\/\/unemployed","4":"enu:\/\/athome","5":"enu:\/\/student","6":"enu:\/\/retired","7":"enu:\/\/other"},"ChoiceMappingType":"Member","ConfigVersion":"1.0.0","Reconfirm":true,"URL":"ses:\/\/employmentstatus","XMDConnect":true},"Selector":"SAVR","SubSelector":"TX","Validation":{"Settings":{"ForceResponse":"OFF","ForceResponseType":"ON","Type":"None"}},"DataExportTag":"emp","QuestionID":"QID31"}},{"SurveyID":"SV_eXNLegFajnx3ksS","Element":"SQ","PrimaryAttribute":"QID6","SecondaryAttribute":"What's the language the you speak the most at home or with your friends?","TertiaryAttribute":null,"Payload":{"QuestionText":"<div><div><div><div><div>What's the language the you speak the most at home or with your friends?<\/div><div><u><em><em><em><em><em><em><div><\/div><div><\/div><\/em><\/em><\/em><\/em><\/em><\/em><\/u><\/div><\/div><div><\/div><\/div><div><\/div><\/div><div><div><\/div><\/div><\/div><div><\/div><div><\/div><div><\/div><div><\/div><div><\/div><div><div><u><em><em><em><span style=\"left: -6px;\" class=\"ButtonIcon UpArrowWhite\"><\/span><span style=\"left: -6px;\" class=\"ButtonIcon DownArrowWhite\"><\/span><\/em><\/em><\/em><\/u><\/div><\/div>","DataExportTag":"language","QuestionType":"MC","Selector":"SAVR","SubSelector":"TX","Configuration":{"QuestionDescriptionOption":"UseText"},"QuestionDescription":"What's the language the you speak the most at home or with your friends?","Choices":{"1":{"Display":"French"},"2":{"Display":"Turkish"},"3":{"Display":"Italian"},"4":{"Display":"Portuguese"},"5":{"Display":"Dutch"},"6":{"Display":"None of the above"}},"ChoiceOrder":[1,2,3,4,5,6],"Validation":{"Settings":{"ForceResponse":"OFF","ForceResponseType":"ON","Type":"None"}},"Language":[],"NextChoiceId":7,"NextAnswerId":1,"QuestionID":"QID6","DataVisibility":{"Private":false,"Hidden":false}}}]}